// !$*UTF8*$!
{
	archiveVersion = 1;
	classes = {
	};
	objectVersion = 46;
	objects = {

/* Begin PBXBuildFile section */
		1D3623260D0F684500981E51 /* AppDelegate.m in Sources */ = {isa = PBXBuildFile; fileRef = 1D3623250D0F684500981E51 /* AppDelegate.m */; };
		1D60589B0D05DD56006BFB54 /* main.m in Sources */ = {isa = PBXBuildFile; fileRef = 29B97316FDCFA39411CA2CEA /* main.m */; };
		1F3A74DA96084B049C5B7349 /* CDVNotification.m in Sources */ = {isa = PBXBuildFile; fileRef = 33621C071DB3467F88D8512C /* CDVNotification.m */; };
		263EB1A57AF64CFDADD58EB0 /* CDVLogger.m in Sources */ = {isa = PBXBuildFile; fileRef = DCD60F5AF9B5478A86F0B267 /* CDVLogger.m */; };
		288765FD0DF74451002DB57D /* CoreGraphics.framework in Frameworks */ = {isa = PBXBuildFile; fileRef = 288765FC0DF74451002DB57D /* CoreGraphics.framework */; };
		2D685135E3574307A4CFC068 /* AppDelegate+notification.m in Sources */ = {isa = PBXBuildFile; fileRef = 09AB467B06AC458BA986BA10 /* AppDelegate+notification.m */; };
		301BF552109A68D80062928A /* libCordova.a in Frameworks */ = {isa = PBXBuildFile; fileRef = 301BF535109A57CC0062928A /* libCordova.a */; };
		302D95F114D2391D003F00A1 /* MainViewController.m in Sources */ = {isa = PBXBuildFile; fileRef = 302D95EF14D2391D003F00A1 /* MainViewController.m */; };
		302D95F214D2391D003F00A1 /* MainViewController.xib in Resources */ = {isa = PBXBuildFile; fileRef = 302D95F014D2391D003F00A1 /* MainViewController.xib */; };
		305D5FD1115AB8F900A74A75 /* MobileCoreServices.framework in Frameworks */ = {isa = PBXBuildFile; fileRef = 305D5FD0115AB8F900A74A75 /* MobileCoreServices.framework */; };
		3088BBBD154F3926009F9C59 /* Default-Landscape@2x~ipad.png in Resources */ = {isa = PBXBuildFile; fileRef = 3088BBB7154F3926009F9C59 /* Default-Landscape@2x~ipad.png */; };
		3088BBBE154F3926009F9C59 /* Default-Landscape~ipad.png in Resources */ = {isa = PBXBuildFile; fileRef = 3088BBB8154F3926009F9C59 /* Default-Landscape~ipad.png */; };
		3088BBBF154F3926009F9C59 /* Default-Portrait@2x~ipad.png in Resources */ = {isa = PBXBuildFile; fileRef = 3088BBB9154F3926009F9C59 /* Default-Portrait@2x~ipad.png */; };
		3088BBC0154F3926009F9C59 /* Default-Portrait~ipad.png in Resources */ = {isa = PBXBuildFile; fileRef = 3088BBBA154F3926009F9C59 /* Default-Portrait~ipad.png */; };
		3088BBC1154F3926009F9C59 /* Default@2x~iphone.png in Resources */ = {isa = PBXBuildFile; fileRef = 3088BBBB154F3926009F9C59 /* Default@2x~iphone.png */; };
		3088BBC2154F3926009F9C59 /* Default~iphone.png in Resources */ = {isa = PBXBuildFile; fileRef = 3088BBBC154F3926009F9C59 /* Default~iphone.png */; };
		308D05371370CCF300D202BF /* icon-72.png in Resources */ = {isa = PBXBuildFile; fileRef = 308D052E1370CCF300D202BF /* icon-72.png */; };
		308D05381370CCF300D202BF /* icon.png in Resources */ = {isa = PBXBuildFile; fileRef = 308D052F1370CCF300D202BF /* icon.png */; };
		308D05391370CCF300D202BF /* icon@2x.png in Resources */ = {isa = PBXBuildFile; fileRef = 308D05301370CCF300D202BF /* icon@2x.png */; };
		30B4F30019D5E07200D9F7D8 /* Default-667h.png in Resources */ = {isa = PBXBuildFile; fileRef = 30B4F2FD19D5E07200D9F7D8 /* Default-667h.png */; };
		30B4F30119D5E07200D9F7D8 /* Default-736h.png in Resources */ = {isa = PBXBuildFile; fileRef = 30B4F2FE19D5E07200D9F7D8 /* Default-736h.png */; };
		30B4F30219D5E07200D9F7D8 /* Default-Landscape-736h.png in Resources */ = {isa = PBXBuildFile; fileRef = 30B4F2FF19D5E07200D9F7D8 /* Default-Landscape-736h.png */; };
		30C1856619D5FC0A00212699 /* icon-60@3x.png in Resources */ = {isa = PBXBuildFile; fileRef = 30C1856519D5FC0A00212699 /* icon-60@3x.png */; };
		30FC414916E50CA1004E6F35 /* icon-72@2x.png in Resources */ = {isa = PBXBuildFile; fileRef = 30FC414816E50CA1004E6F35 /* icon-72@2x.png */; };
		36495849C15A453890D8BB56 /* CDVDevice.m in Sources */ = {isa = PBXBuildFile; fileRef = EA49E0328F314CEE801DC7CF /* CDVDevice.m */; };
		3C2520738421424D91FDC156 /* CoreLocation.framework in Frameworks */ = {isa = PBXBuildFile; fileRef = 9205BDCAC4834DE99CB3C3F4 /* CoreLocation.framework */; };
		40C6FEF8FED341D08D63F384 /* MessageUI.framework in Frameworks */ = {isa = PBXBuildFile; fileRef = F4937004F4774F4483F0B335 /* MessageUI.framework */; settings = {ATTRIBUTES = (Weak, ); }; };
		44C5BC60D42E4A629D710657 /* CDVLocalFilesystem.m in Sources */ = {isa = PBXBuildFile; fileRef = 39720235F278473E96E8DBF9 /* CDVLocalFilesystem.m */; };
		48600DFCF2D24720B43938A1 /* CDVViewController+SplashScreen.m in Sources */ = {isa = PBXBuildFile; fileRef = 99E611271F514E0D938ABE00 /* CDVViewController+SplashScreen.m */; };
		53674520AF044399B4C4CBEE /* AudioToolbox.framework in Frameworks */ = {isa = PBXBuildFile; fileRef = 9E824F23A7AC4728A4FCFD02 /* AudioToolbox.framework */; settings = {ATTRIBUTES = (Weak, ); }; };
		5B1594DD16A7569C00FEF299 /* AssetsLibrary.framework in Frameworks */ = {isa = PBXBuildFile; fileRef = 5B1594DC16A7569C00FEF299 /* AssetsLibrary.framework */; };
		5FB7D69EE7B445C2976B3F71 /* CDVCapture.m in Sources */ = {isa = PBXBuildFile; fileRef = F6B974E67F19457685C0D2AB /* CDVCapture.m */; };
		6070B77840A647B780207D51 /* CDVClipboard.m in Sources */ = {isa = PBXBuildFile; fileRef = AFFAE720FFCE47859C62B98A /* CDVClipboard.m */; };
		6F082E99C3E74B6386E56C56 /* CDVInstagramPlugin.m in Sources */ = {isa = PBXBuildFile; fileRef = F1E6BA880874425BA2FBF980 /* CDVInstagramPlugin.m */; };
		725E237738FB42ADA69D0210 /* CDVAppRate.m in Sources */ = {isa = PBXBuildFile; fileRef = 6FBFB3CE22BE4E779276727F /* CDVAppRate.m */; };
		76F7549DD66341C288533003 /* PushPlugin.m in Sources */ = {isa = PBXBuildFile; fileRef = 0FEC650EA36C4846A9B83999 /* PushPlugin.m */; };
		7E7966DE1810823500FA85AD /* icon-40.png in Resources */ = {isa = PBXBuildFile; fileRef = 7E7966D41810823500FA85AD /* icon-40.png */; };
		7E7966DF1810823500FA85AD /* icon-40@2x.png in Resources */ = {isa = PBXBuildFile; fileRef = 7E7966D51810823500FA85AD /* icon-40@2x.png */; };
		7E7966E01810823500FA85AD /* icon-50.png in Resources */ = {isa = PBXBuildFile; fileRef = 7E7966D61810823500FA85AD /* icon-50.png */; };
		7E7966E11810823500FA85AD /* icon-50@2x.png in Resources */ = {isa = PBXBuildFile; fileRef = 7E7966D71810823500FA85AD /* icon-50@2x.png */; };
		7E7966E21810823500FA85AD /* icon-60.png in Resources */ = {isa = PBXBuildFile; fileRef = 7E7966D81810823500FA85AD /* icon-60.png */; };
		7E7966E31810823500FA85AD /* icon-60@2x.png in Resources */ = {isa = PBXBuildFile; fileRef = 7E7966D91810823500FA85AD /* icon-60@2x.png */; };
		7E7966E41810823500FA85AD /* icon-76.png in Resources */ = {isa = PBXBuildFile; fileRef = 7E7966DA1810823500FA85AD /* icon-76.png */; };
		7E7966E51810823500FA85AD /* icon-76@2x.png in Resources */ = {isa = PBXBuildFile; fileRef = 7E7966DB1810823500FA85AD /* icon-76@2x.png */; };
		7E7966E61810823500FA85AD /* icon-small.png in Resources */ = {isa = PBXBuildFile; fileRef = 7E7966DC1810823500FA85AD /* icon-small.png */; };
		7E7966E71810823500FA85AD /* icon-small@2x.png in Resources */ = {isa = PBXBuildFile; fileRef = 7E7966DD1810823500FA85AD /* icon-small@2x.png */; };
		950F19738641496C8418CDC8 /* AVFoundation.framework in Frameworks */ = {isa = PBXBuildFile; fileRef = 679C1FD76DF94DF4906B4E63 /* AVFoundation.framework */; };
		A11795B9EE6C476F963DD7D2 /* CDVFile.m in Sources */ = {isa = PBXBuildFile; fileRef = 630D8D9A458842D1924DC80F /* CDVFile.m */; };
		AFE19ABD1D6F496BA3DA7ADB /* Sms.m in Sources */ = {isa = PBXBuildFile; fileRef = 5C02D84A07044C018855B86D /* Sms.m */; };
		C09731C9C07448C89F58DAEA /* CDVCapture.bundle in Resources */ = {isa = PBXBuildFile; fileRef = 11F2D1FF0CBB4E3C8C8F52DF /* CDVCapture.bundle */; };
		C3C40DC015F448149BEE2C08 /* Social.framework in Frameworks */ = {isa = PBXBuildFile; fileRef = 236CA60018154DC0AF2EF7E5 /* Social.framework */; settings = {ATTRIBUTES = (Weak, ); }; };
		CF0412BB1C3E79EC00BDE257 /* Widget.swift in Sources */ = {isa = PBXBuildFile; fileRef = CF0412BA1C3E79EC00BDE257 /* Widget.swift */; };
		CF0412C11C3E7AA600BDE257 /* NotificationCenter.framework in Frameworks */ = {isa = PBXBuildFile; fileRef = CF4A67CC1C28FFF00077CBF8 /* NotificationCenter.framework */; };
		CF0412C41C3E7AA600BDE257 /* TodayViewController.swift in Sources */ = {isa = PBXBuildFile; fileRef = CF0412C31C3E7AA600BDE257 /* TodayViewController.swift */; };
		CF0412C71C3E7AA600BDE257 /* MainInterface.storyboard in Resources */ = {isa = PBXBuildFile; fileRef = CF0412C51C3E7AA600BDE257 /* MainInterface.storyboard */; };
		CF0412CB1C3E7AA600BDE257 /* profileUni.appex in Embed App Extensions */ = {isa = PBXBuildFile; fileRef = CF0412C01C3E7AA600BDE257 /* profileUni.appex */; settings = {ATTRIBUTES = (RemoveHeadersOnCopy, ); }; };
		CF4A67CD1C28FFF00077CBF8 /* NotificationCenter.framework in Frameworks */ = {isa = PBXBuildFile; fileRef = CF4A67CC1C28FFF00077CBF8 /* NotificationCenter.framework */; };
		CF4A67D01C28FFF00077CBF8 /* TodayViewController.swift in Sources */ = {isa = PBXBuildFile; fileRef = CF4A67CF1C28FFF00077CBF8 /* TodayViewController.swift */; };
		CF4A67D31C28FFF00077CBF8 /* MainInterface.storyboard in Resources */ = {isa = PBXBuildFile; fileRef = CF4A67D11C28FFF00077CBF8 /* MainInterface.storyboard */; };
		CF4A67E21C290AF20077CBF8 /* Images.xcassets in Resources */ = {isa = PBXBuildFile; fileRef = CFBFDDAB1C1A8E6E00680D40 /* Images.xcassets */; };
		CFBFDDAC1C1A8E6E00680D40 /* Images.xcassets in Resources */ = {isa = PBXBuildFile; fileRef = CFBFDDAB1C1A8E6E00680D40 /* Images.xcassets */; };
		CFE020301C3F4CFF0049B5BA /* HTTPRequestSerializer.swift in Sources */ = {isa = PBXBuildFile; fileRef = CFE020291C3F4CFF0049B5BA /* HTTPRequestSerializer.swift */; };
		CFE020311C3F4CFF0049B5BA /* HTTPResponseSerializer.swift in Sources */ = {isa = PBXBuildFile; fileRef = CFE0202A1C3F4CFF0049B5BA /* HTTPResponseSerializer.swift */; };
		CFE020321C3F4CFF0049B5BA /* HTTPSecurity.swift in Sources */ = {isa = PBXBuildFile; fileRef = CFE0202B1C3F4CFF0049B5BA /* HTTPSecurity.swift */; };
		CFE020331C3F4CFF0049B5BA /* HTTPStatusCode.swift in Sources */ = {isa = PBXBuildFile; fileRef = CFE0202C1C3F4CFF0049B5BA /* HTTPStatusCode.swift */; };
		CFE020341C3F4CFF0049B5BA /* HTTPTask.swift in Sources */ = {isa = PBXBuildFile; fileRef = CFE0202D1C3F4CFF0049B5BA /* HTTPTask.swift */; };
		CFE020351C3F4CFF0049B5BA /* HTTPUpload.swift in Sources */ = {isa = PBXBuildFile; fileRef = CFE0202E1C3F4CFF0049B5BA /* HTTPUpload.swift */; };
		CFE020381C3F4D1D0049B5BA /* JSONJoy.swift in Sources */ = {isa = PBXBuildFile; fileRef = CFE020371C3F4D1D0049B5BA /* JSONJoy.swift */; };
		CFE0203A1C3F50C40049B5BA /* Images.xcassets in Resources */ = {isa = PBXBuildFile; fileRef = CFBFDDAB1C1A8E6E00680D40 /* Images.xcassets */; };
		D2A7939DE48D48DB8A7127E0 /* CDVNotification.bundle in Resources */ = {isa = PBXBuildFile; fileRef = 5FD066202A0640B99A2731B5 /* CDVNotification.bundle */; };
		D4A0D8761607E02300AEF8BB /* Default-568h@2x~iphone.png in Resources */ = {isa = PBXBuildFile; fileRef = D4A0D8751607E02300AEF8BB /* Default-568h@2x~iphone.png */; };
		D8592D4819CF43CC88429D9A /* CDVVibration.m in Sources */ = {isa = PBXBuildFile; fileRef = C7AA96516248458F80F155D8 /* CDVVibration.m */; };
		DF9E4D1B3A6E478B9FE121FE /* CDVGlobalization.m in Sources */ = {isa = PBXBuildFile; fileRef = B313F3AEA0794C49AB5AD5AD /* CDVGlobalization.m */; };
		DFDF750FD960462F9CCB0D26 /* ImageIO.framework in Frameworks */ = {isa = PBXBuildFile; fileRef = 0B54B4340FF7449990C2EB7A /* ImageIO.framework */; settings = {ATTRIBUTES = (Weak, ); }; };
		E7E3989775924F5E8AD0B785 /* CDVSplashScreen.m in Sources */ = {isa = PBXBuildFile; fileRef = 8E5C725E4EAE4360B3DAA599 /* CDVSplashScreen.m */; };
		EF1EA68212814851BB155F0F /* CDVAssetLibraryFilesystem.m in Sources */ = {isa = PBXBuildFile; fileRef = 2F2EB4300191455490B056BC /* CDVAssetLibraryFilesystem.m */; };
		F10ABC86A13645AA80FC82AB /* CDVStatusBar.m in Sources */ = {isa = PBXBuildFile; fileRef = 3DCEAD400BA144EC8428B4EC /* CDVStatusBar.m */; };
		F55C13E874344D3F84F98087 /* SocialSharing.m in Sources */ = {isa = PBXBuildFile; fileRef = A453757FAD4E468AA8E5A664 /* SocialSharing.m */; };
		F67A9B4156A0454B83E83E7D /* StoreKit.framework in Frameworks */ = {isa = PBXBuildFile; fileRef = D4D6988153F946DE8C0E7318 /* StoreKit.framework */; };
		FE366C2F887C494390C746BA /* CDVInAppBrowser.m in Sources */ = {isa = PBXBuildFile; fileRef = C733987F87EC43009B38881B /* CDVInAppBrowser.m */; };
/* End PBXBuildFile section */

/* Begin PBXContainerItemProxy section */
		301BF534109A57CC0062928A /* PBXContainerItemProxy */ = {
			isa = PBXContainerItemProxy;
			containerPortal = 301BF52D109A57CC0062928A /* CordovaLib.xcodeproj */;
			proxyType = 2;
			remoteGlobalIDString = D2AAC07E0554694100DB518D;
			remoteInfo = CordovaLib;
		};
		301BF550109A68C00062928A /* PBXContainerItemProxy */ = {
			isa = PBXContainerItemProxy;
			containerPortal = 301BF52D109A57CC0062928A /* CordovaLib.xcodeproj */;
			proxyType = 1;
			remoteGlobalIDString = D2AAC07D0554694100DB518D;
			remoteInfo = CordovaLib;
		};
		CF0412C91C3E7AA600BDE257 /* PBXContainerItemProxy */ = {
			isa = PBXContainerItemProxy;
			containerPortal = 29B97313FDCFA39411CA2CEA /* Project object */;
			proxyType = 1;
			remoteGlobalIDString = CF0412BF1C3E7AA600BDE257;
			remoteInfo = profileUni;
		};
/* End PBXContainerItemProxy section */

/* Begin PBXCopyFilesBuildPhase section */
		CF0412CF1C3E7AA600BDE257 /* Embed App Extensions */ = {
			isa = PBXCopyFilesBuildPhase;
			buildActionMask = 2147483647;
			dstPath = "";
			dstSubfolderSpec = 13;
			files = (
				CF0412CB1C3E7AA600BDE257 /* profileUni.appex in Embed App Extensions */,
			);
			name = "Embed App Extensions";
			runOnlyForDeploymentPostprocessing = 0;
		};
		CF17CF741C43BB0200CBBD03 /* Embed Watch Content */ = {
			isa = PBXCopyFilesBuildPhase;
			buildActionMask = 2147483647;
			dstPath = "$(CONTENTS_FOLDER_PATH)/Watch";
			dstSubfolderSpec = 16;
			files = (
			);
			name = "Embed Watch Content";
			runOnlyForDeploymentPostprocessing = 0;
		};
/* End PBXCopyFilesBuildPhase section */

/* Begin PBXFileReference section */
		002F4577DF824DDD97A2BD34 /* PushPlugin.h */ = {isa = PBXFileReference; fileEncoding = 4; lastKnownFileType = sourcecode.c.h; name = PushPlugin.h; path = "phonegap-plugin-push/PushPlugin.h"; sourceTree = "<group>"; };
		09AB467B06AC458BA986BA10 /* AppDelegate+notification.m */ = {isa = PBXFileReference; fileEncoding = 4; lastKnownFileType = sourcecode.c.objc; name = "AppDelegate+notification.m"; path = "phonegap-plugin-push/AppDelegate+notification.m"; sourceTree = "<group>"; };
		0B54B4340FF7449990C2EB7A /* ImageIO.framework */ = {isa = PBXFileReference; fileEncoding = 4; lastKnownFileType = wrapper.framework; name = ImageIO.framework; path = System/Library/Frameworks/ImageIO.framework; sourceTree = SDKROOT; };
		0FEC650EA36C4846A9B83999 /* PushPlugin.m */ = {isa = PBXFileReference; fileEncoding = 4; lastKnownFileType = sourcecode.c.objc; name = PushPlugin.m; path = "phonegap-plugin-push/PushPlugin.m"; sourceTree = "<group>"; };
		11F2D1FF0CBB4E3C8C8F52DF /* CDVCapture.bundle */ = {isa = PBXFileReference; lastKnownFileType = "wrapper.plug-in"; path = CDVCapture.bundle; sourceTree = "<group>"; };
		15E8E2A9BA744EC6932A8D92 /* CDVStatusBar.h */ = {isa = PBXFileReference; fileEncoding = 4; lastKnownFileType = sourcecode.c.h; name = CDVStatusBar.h; path = "cordova-plugin-statusbar/CDVStatusBar.h"; sourceTree = "<group>"; };
		1D3623240D0F684500981E51 /* AppDelegate.h */ = {isa = PBXFileReference; fileEncoding = 4; lastKnownFileType = sourcecode.c.h; path = AppDelegate.h; sourceTree = "<group>"; };
		1D3623250D0F684500981E51 /* AppDelegate.m */ = {isa = PBXFileReference; fileEncoding = 4; lastKnownFileType = sourcecode.c.objc; path = AppDelegate.m; sourceTree = "<group>"; };
		1D6058910D05DD3D006BFB54 /* Unicity TH.app */ = {isa = PBXFileReference; explicitFileType = wrapper.application; includeInIndex = 0; path = "Unicity TH.app"; sourceTree = BUILT_PRODUCTS_DIR; };
		225C761A1F83491FB0FCA7A5 /* CDVDevice.h */ = {isa = PBXFileReference; fileEncoding = 4; lastKnownFileType = sourcecode.c.h; name = CDVDevice.h; path = "cordova-plugin-device/CDVDevice.h"; sourceTree = "<group>"; };
		236CA60018154DC0AF2EF7E5 /* Social.framework */ = {isa = PBXFileReference; fileEncoding = 4; lastKnownFileType = wrapper.framework; name = Social.framework; path = System/Library/Frameworks/Social.framework; sourceTree = SDKROOT; };
		288765FC0DF74451002DB57D /* CoreGraphics.framework */ = {isa = PBXFileReference; lastKnownFileType = wrapper.framework; name = CoreGraphics.framework; path = System/Library/Frameworks/CoreGraphics.framework; sourceTree = SDKROOT; };
		29B97316FDCFA39411CA2CEA /* main.m */ = {isa = PBXFileReference; fileEncoding = 4; lastKnownFileType = sourcecode.c.objc; path = main.m; sourceTree = "<group>"; };
		2AC192CE58774AE08EF707A4 /* CDVAssetLibraryFilesystem.h */ = {isa = PBXFileReference; fileEncoding = 4; lastKnownFileType = sourcecode.c.h; name = CDVAssetLibraryFilesystem.h; path = "cordova-plugin-file/CDVAssetLibraryFilesystem.h"; sourceTree = "<group>"; };
		2F2EB4300191455490B056BC /* CDVAssetLibraryFilesystem.m */ = {isa = PBXFileReference; fileEncoding = 4; lastKnownFileType = sourcecode.c.objc; name = CDVAssetLibraryFilesystem.m; path = "cordova-plugin-file/CDVAssetLibraryFilesystem.m"; sourceTree = "<group>"; };
		301BF52D109A57CC0062928A /* CordovaLib.xcodeproj */ = {isa = PBXFileReference; lastKnownFileType = "wrapper.pb-project"; name = CordovaLib.xcodeproj; path = CordovaLib/CordovaLib.xcodeproj; sourceTree = "<group>"; };
		301BF56E109A69640062928A /* www */ = {isa = PBXFileReference; lastKnownFileType = folder; path = www; sourceTree = SOURCE_ROOT; };
		302D95EE14D2391D003F00A1 /* MainViewController.h */ = {isa = PBXFileReference; fileEncoding = 4; lastKnownFileType = sourcecode.c.h; path = MainViewController.h; sourceTree = "<group>"; };
		302D95EF14D2391D003F00A1 /* MainViewController.m */ = {isa = PBXFileReference; fileEncoding = 4; lastKnownFileType = sourcecode.c.objc; path = MainViewController.m; sourceTree = "<group>"; };
		302D95F014D2391D003F00A1 /* MainViewController.xib */ = {isa = PBXFileReference; fileEncoding = 4; lastKnownFileType = file.xib; path = MainViewController.xib; sourceTree = "<group>"; };
		305D5FD0115AB8F900A74A75 /* MobileCoreServices.framework */ = {isa = PBXFileReference; lastKnownFileType = wrapper.framework; name = MobileCoreServices.framework; path = System/Library/Frameworks/MobileCoreServices.framework; sourceTree = SDKROOT; };
		3088BBB7154F3926009F9C59 /* Default-Landscape@2x~ipad.png */ = {isa = PBXFileReference; lastKnownFileType = image.png; path = "Default-Landscape@2x~ipad.png"; sourceTree = "<group>"; };
		3088BBB8154F3926009F9C59 /* Default-Landscape~ipad.png */ = {isa = PBXFileReference; lastKnownFileType = image.png; path = "Default-Landscape~ipad.png"; sourceTree = "<group>"; };
		3088BBB9154F3926009F9C59 /* Default-Portrait@2x~ipad.png */ = {isa = PBXFileReference; lastKnownFileType = image.png; path = "Default-Portrait@2x~ipad.png"; sourceTree = "<group>"; };
		3088BBBA154F3926009F9C59 /* Default-Portrait~ipad.png */ = {isa = PBXFileReference; lastKnownFileType = image.png; path = "Default-Portrait~ipad.png"; sourceTree = "<group>"; };
		3088BBBB154F3926009F9C59 /* Default@2x~iphone.png */ = {isa = PBXFileReference; lastKnownFileType = image.png; path = "Default@2x~iphone.png"; sourceTree = "<group>"; };
		3088BBBC154F3926009F9C59 /* Default~iphone.png */ = {isa = PBXFileReference; lastKnownFileType = image.png; path = "Default~iphone.png"; sourceTree = "<group>"; };
		308D052E1370CCF300D202BF /* icon-72.png */ = {isa = PBXFileReference; lastKnownFileType = image.png; path = "icon-72.png"; sourceTree = "<group>"; };
		308D052F1370CCF300D202BF /* icon.png */ = {isa = PBXFileReference; lastKnownFileType = image.png; path = icon.png; sourceTree = "<group>"; };
		308D05301370CCF300D202BF /* icon@2x.png */ = {isa = PBXFileReference; lastKnownFileType = image.png; path = "icon@2x.png"; sourceTree = "<group>"; };
		30B4F2FD19D5E07200D9F7D8 /* Default-667h.png */ = {isa = PBXFileReference; lastKnownFileType = image.png; path = "Default-667h.png"; sourceTree = "<group>"; };
		30B4F2FE19D5E07200D9F7D8 /* Default-736h.png */ = {isa = PBXFileReference; lastKnownFileType = image.png; path = "Default-736h.png"; sourceTree = "<group>"; };
		30B4F2FF19D5E07200D9F7D8 /* Default-Landscape-736h.png */ = {isa = PBXFileReference; lastKnownFileType = image.png; path = "Default-Landscape-736h.png"; sourceTree = "<group>"; };
		30C1856519D5FC0A00212699 /* icon-60@3x.png */ = {isa = PBXFileReference; lastKnownFileType = image.png; path = "icon-60@3x.png"; sourceTree = "<group>"; };
		30FC414816E50CA1004E6F35 /* icon-72@2x.png */ = {isa = PBXFileReference; lastKnownFileType = image.png; path = "icon-72@2x.png"; sourceTree = "<group>"; };
		32CA4F630368D1EE00C91783 /* Unicity TH-Prefix.pch */ = {isa = PBXFileReference; fileEncoding = 4; lastKnownFileType = sourcecode.c.h; path = "Unicity TH-Prefix.pch"; sourceTree = "<group>"; };
		33621C071DB3467F88D8512C /* CDVNotification.m */ = {isa = PBXFileReference; fileEncoding = 4; lastKnownFileType = sourcecode.c.objc; name = CDVNotification.m; path = "cordova-plugin-dialogs/CDVNotification.m"; sourceTree = "<group>"; };
		39720235F278473E96E8DBF9 /* CDVLocalFilesystem.m */ = {isa = PBXFileReference; fileEncoding = 4; lastKnownFileType = sourcecode.c.objc; name = CDVLocalFilesystem.m; path = "cordova-plugin-file/CDVLocalFilesystem.m"; sourceTree = "<group>"; };
		3C500598F4E14DCCAE13BE66 /* CDVViewController+SplashScreen.h */ = {isa = PBXFileReference; fileEncoding = 4; lastKnownFileType = sourcecode.c.h; name = "CDVViewController+SplashScreen.h"; path = "cordova-plugin-splashscreen/CDVViewController+SplashScreen.h"; sourceTree = "<group>"; };
		3DCEAD400BA144EC8428B4EC /* CDVStatusBar.m */ = {isa = PBXFileReference; fileEncoding = 4; lastKnownFileType = sourcecode.c.objc; name = CDVStatusBar.m; path = "cordova-plugin-statusbar/CDVStatusBar.m"; sourceTree = "<group>"; };
		4A356F29E29242B1A4AF3356 /* CDVLocalFilesystem.h */ = {isa = PBXFileReference; fileEncoding = 4; lastKnownFileType = sourcecode.c.h; name = CDVLocalFilesystem.h; path = "cordova-plugin-file/CDVLocalFilesystem.h"; sourceTree = "<group>"; };
		5B1594DC16A7569C00FEF299 /* AssetsLibrary.framework */ = {isa = PBXFileReference; lastKnownFileType = wrapper.framework; name = AssetsLibrary.framework; path = System/Library/Frameworks/AssetsLibrary.framework; sourceTree = SDKROOT; };
		5C02D84A07044C018855B86D /* Sms.m */ = {isa = PBXFileReference; fileEncoding = 4; lastKnownFileType = sourcecode.c.objc; name = Sms.m; path = com.cordova.plugins.sms/Sms.m; sourceTree = "<group>"; };
		5C334E0CAECC449F81DAF7F8 /* AppDelegate+notification.h */ = {isa = PBXFileReference; fileEncoding = 4; lastKnownFileType = sourcecode.c.h; name = "AppDelegate+notification.h"; path = "phonegap-plugin-push/AppDelegate+notification.h"; sourceTree = "<group>"; };
		5FD066202A0640B99A2731B5 /* CDVNotification.bundle */ = {isa = PBXFileReference; lastKnownFileType = "wrapper.plug-in"; path = CDVNotification.bundle; sourceTree = "<group>"; };
		630D8D9A458842D1924DC80F /* CDVFile.m */ = {isa = PBXFileReference; fileEncoding = 4; lastKnownFileType = sourcecode.c.objc; name = CDVFile.m; path = "cordova-plugin-file/CDVFile.m"; sourceTree = "<group>"; };
		679C1FD76DF94DF4906B4E63 /* AVFoundation.framework */ = {isa = PBXFileReference; fileEncoding = 4; lastKnownFileType = wrapper.framework; name = AVFoundation.framework; path = System/Library/Frameworks/AVFoundation.framework; sourceTree = SDKROOT; };
		692357147E9549CD840699E9 /* CDVInAppBrowser.h */ = {isa = PBXFileReference; fileEncoding = 4; lastKnownFileType = sourcecode.c.h; name = CDVInAppBrowser.h; path = "cordova-plugin-inappbrowser/CDVInAppBrowser.h"; sourceTree = "<group>"; };
		69C085A78558484C9ACAD9E4 /* CDVFile.h */ = {isa = PBXFileReference; fileEncoding = 4; lastKnownFileType = sourcecode.c.h; name = CDVFile.h; path = "cordova-plugin-file/CDVFile.h"; sourceTree = "<group>"; };
		6B8133B4A1D6466297C2CB5B /* CDVGlobalization.h */ = {isa = PBXFileReference; fileEncoding = 4; lastKnownFileType = sourcecode.c.h; name = CDVGlobalization.h; path = "cordova-plugin-globalization/CDVGlobalization.h"; sourceTree = "<group>"; };
		6FBFB3CE22BE4E779276727F /* CDVAppRate.m */ = {isa = PBXFileReference; fileEncoding = 4; lastKnownFileType = sourcecode.c.objc; name = CDVAppRate.m; path = "cordova-plugin-apprate/CDVAppRate.m"; sourceTree = "<group>"; };
		7E7966D41810823500FA85AD /* icon-40.png */ = {isa = PBXFileReference; lastKnownFileType = image.png; path = "icon-40.png"; sourceTree = "<group>"; };
		7E7966D51810823500FA85AD /* icon-40@2x.png */ = {isa = PBXFileReference; lastKnownFileType = image.png; path = "icon-40@2x.png"; sourceTree = "<group>"; };
		7E7966D61810823500FA85AD /* icon-50.png */ = {isa = PBXFileReference; lastKnownFileType = image.png; path = "icon-50.png"; sourceTree = "<group>"; };
		7E7966D71810823500FA85AD /* icon-50@2x.png */ = {isa = PBXFileReference; lastKnownFileType = image.png; path = "icon-50@2x.png"; sourceTree = "<group>"; };
		7E7966D81810823500FA85AD /* icon-60.png */ = {isa = PBXFileReference; lastKnownFileType = image.png; path = "icon-60.png"; sourceTree = "<group>"; };
		7E7966D91810823500FA85AD /* icon-60@2x.png */ = {isa = PBXFileReference; lastKnownFileType = image.png; path = "icon-60@2x.png"; sourceTree = "<group>"; };
		7E7966DA1810823500FA85AD /* icon-76.png */ = {isa = PBXFileReference; lastKnownFileType = image.png; path = "icon-76.png"; sourceTree = "<group>"; };
		7E7966DB1810823500FA85AD /* icon-76@2x.png */ = {isa = PBXFileReference; lastKnownFileType = image.png; path = "icon-76@2x.png"; sourceTree = "<group>"; };
		7E7966DC1810823500FA85AD /* icon-small.png */ = {isa = PBXFileReference; lastKnownFileType = image.png; path = "icon-small.png"; sourceTree = "<group>"; };
		7E7966DD1810823500FA85AD /* icon-small@2x.png */ = {isa = PBXFileReference; lastKnownFileType = image.png; path = "icon-small@2x.png"; sourceTree = "<group>"; };
		80400EC661E8463EAA22A6F3 /* CDVCapture.h */ = {isa = PBXFileReference; fileEncoding = 4; lastKnownFileType = sourcecode.c.h; name = CDVCapture.h; path = "cordova-plugin-media-capture/CDVCapture.h"; sourceTree = "<group>"; };
		8D1107310486CEB800E47090 /* Unicity TH-Info.plist */ = {isa = PBXFileReference; fileEncoding = 4; lastKnownFileType = text.plist.xml; name = "Unicity TH-Info.plist"; path = "../Unicity TH-Info.plist"; plistStructureDefinitionIdentifier = "com.apple.xcode.plist.structure-definition.iphone.info-plist"; sourceTree = "<group>"; };
		8E5C725E4EAE4360B3DAA599 /* CDVSplashScreen.m */ = {isa = PBXFileReference; fileEncoding = 4; lastKnownFileType = sourcecode.c.objc; name = CDVSplashScreen.m; path = "cordova-plugin-splashscreen/CDVSplashScreen.m"; sourceTree = "<group>"; };
		9205BDCAC4834DE99CB3C3F4 /* CoreLocation.framework */ = {isa = PBXFileReference; fileEncoding = 4; lastKnownFileType = wrapper.framework; name = CoreLocation.framework; path = System/Library/Frameworks/CoreLocation.framework; sourceTree = SDKROOT; };
		99E611271F514E0D938ABE00 /* CDVViewController+SplashScreen.m */ = {isa = PBXFileReference; fileEncoding = 4; lastKnownFileType = sourcecode.c.objc; name = "CDVViewController+SplashScreen.m"; path = "cordova-plugin-splashscreen/CDVViewController+SplashScreen.m"; sourceTree = "<group>"; };
		9E824F23A7AC4728A4FCFD02 /* AudioToolbox.framework */ = {isa = PBXFileReference; fileEncoding = 4; lastKnownFileType = wrapper.framework; name = AudioToolbox.framework; path = System/Library/Frameworks/AudioToolbox.framework; sourceTree = SDKROOT; };
		A30EA45065974C45A612511E /* CDVInstagramPlugin.h */ = {isa = PBXFileReference; fileEncoding = 4; lastKnownFileType = sourcecode.c.h; name = CDVInstagramPlugin.h; path = "cordova-instagram-plugin/CDVInstagramPlugin/CDVInstagramPlugin.h"; sourceTree = "<group>"; };
		A4041126512943198DB3C068 /* CDVVibration.h */ = {isa = PBXFileReference; fileEncoding = 4; lastKnownFileType = sourcecode.c.h; name = CDVVibration.h; path = "cordova-plugin-vibration/CDVVibration.h"; sourceTree = "<group>"; };
		A453757FAD4E468AA8E5A664 /* SocialSharing.m */ = {isa = PBXFileReference; fileEncoding = 4; lastKnownFileType = sourcecode.c.objc; name = SocialSharing.m; path = "cordova-plugin-x-socialsharing/SocialSharing.m"; sourceTree = "<group>"; };
		AFFAE720FFCE47859C62B98A /* CDVClipboard.m */ = {isa = PBXFileReference; fileEncoding = 4; lastKnownFileType = sourcecode.c.objc; name = CDVClipboard.m; path = com.verso.cordova.clipboard/CDVClipboard.m; sourceTree = "<group>"; };
		B313F3AEA0794C49AB5AD5AD /* CDVGlobalization.m */ = {isa = PBXFileReference; fileEncoding = 4; lastKnownFileType = sourcecode.c.objc; name = CDVGlobalization.m; path = "cordova-plugin-globalization/CDVGlobalization.m"; sourceTree = "<group>"; };
		B463EE62896C44BABD92234C /* CDVAppRate.h */ = {isa = PBXFileReference; fileEncoding = 4; lastKnownFileType = sourcecode.c.h; name = CDVAppRate.h; path = "cordova-plugin-apprate/CDVAppRate.h"; sourceTree = "<group>"; };
		C188102B0F874318907EEA55 /* SocialSharing.h */ = {isa = PBXFileReference; fileEncoding = 4; lastKnownFileType = sourcecode.c.h; name = SocialSharing.h; path = "cordova-plugin-x-socialsharing/SocialSharing.h"; sourceTree = "<group>"; };
		C291CCB3D2F849599CEBB645 /* CDVSplashScreen.h */ = {isa = PBXFileReference; fileEncoding = 4; lastKnownFileType = sourcecode.c.h; name = CDVSplashScreen.h; path = "cordova-plugin-splashscreen/CDVSplashScreen.h"; sourceTree = "<group>"; };
		C733987F87EC43009B38881B /* CDVInAppBrowser.m */ = {isa = PBXFileReference; fileEncoding = 4; lastKnownFileType = sourcecode.c.objc; name = CDVInAppBrowser.m; path = "cordova-plugin-inappbrowser/CDVInAppBrowser.m"; sourceTree = "<group>"; };
		C7AA96516248458F80F155D8 /* CDVVibration.m */ = {isa = PBXFileReference; fileEncoding = 4; lastKnownFileType = sourcecode.c.objc; name = CDVVibration.m; path = "cordova-plugin-vibration/CDVVibration.m"; sourceTree = "<group>"; };
		CF0412BA1C3E79EC00BDE257 /* Widget.swift */ = {isa = PBXFileReference; fileEncoding = 4; lastKnownFileType = sourcecode.swift; name = Widget.swift; path = ../rankWidget/Widget.swift; sourceTree = "<group>"; };
		CF0412C01C3E7AA600BDE257 /* profileUni.appex */ = {isa = PBXFileReference; explicitFileType = "wrapper.app-extension"; includeInIndex = 0; path = profileUni.appex; sourceTree = BUILT_PRODUCTS_DIR; };
		CF0412C31C3E7AA600BDE257 /* TodayViewController.swift */ = {isa = PBXFileReference; lastKnownFileType = sourcecode.swift; path = TodayViewController.swift; sourceTree = "<group>"; };
		CF0412C61C3E7AA600BDE257 /* Base */ = {isa = PBXFileReference; lastKnownFileType = file.storyboard; name = Base; path = Base.lproj/MainInterface.storyboard; sourceTree = "<group>"; };
		CF0412C81C3E7AA600BDE257 /* Info.plist */ = {isa = PBXFileReference; lastKnownFileType = text.plist.xml; path = Info.plist; sourceTree = "<group>"; };
		CF4A67CB1C28FFEF0077CBF8 /* rankWidget.appex */ = {isa = PBXFileReference; explicitFileType = "wrapper.app-extension"; includeInIndex = 0; path = rankWidget.appex; sourceTree = BUILT_PRODUCTS_DIR; };
		CF4A67CC1C28FFF00077CBF8 /* NotificationCenter.framework */ = {isa = PBXFileReference; lastKnownFileType = wrapper.framework; name = NotificationCenter.framework; path = System/Library/Frameworks/NotificationCenter.framework; sourceTree = SDKROOT; };
		CF4A67CF1C28FFF00077CBF8 /* TodayViewController.swift */ = {isa = PBXFileReference; lastKnownFileType = sourcecode.swift; path = TodayViewController.swift; sourceTree = "<group>"; };
		CF4A67D21C28FFF00077CBF8 /* Base */ = {isa = PBXFileReference; lastKnownFileType = file.storyboard; name = Base; path = Base.lproj/MainInterface.storyboard; sourceTree = "<group>"; };
		CF4A67D41C28FFF00077CBF8 /* Info.plist */ = {isa = PBXFileReference; lastKnownFileType = text.plist.xml; path = Info.plist; sourceTree = "<group>"; };
		CF65D28F1C4750F200325875 /* Base */ = {isa = PBXFileReference; lastKnownFileType = file.storyboard; name = Base; path = Base.lproj/Interface.storyboard; sourceTree = "<group>"; };
		CF65D2911C4750F200325875 /* Assets.xcassets */ = {isa = PBXFileReference; lastKnownFileType = folder.assetcatalog; path = Assets.xcassets; sourceTree = "<group>"; };
		CF65D2931C4750F200325875 /* Info.plist */ = {isa = PBXFileReference; lastKnownFileType = text.plist.xml; path = Info.plist; sourceTree = "<group>"; };
		CF65D29E1C4750F200325875 /* PushNotificationPayload.apns */ = {isa = PBXFileReference; lastKnownFileType = text; path = PushNotificationPayload.apns; sourceTree = "<group>"; };
		CF65D29F1C4750F200325875 /* InterfaceController.swift */ = {isa = PBXFileReference; lastKnownFileType = sourcecode.swift; path = InterfaceController.swift; sourceTree = "<group>"; };
		CF65D2A11C4750F200325875 /* ExtensionDelegate.swift */ = {isa = PBXFileReference; lastKnownFileType = sourcecode.swift; path = ExtensionDelegate.swift; sourceTree = "<group>"; };
		CF65D2A31C4750F200325875 /* NotificationController.swift */ = {isa = PBXFileReference; lastKnownFileType = sourcecode.swift; path = NotificationController.swift; sourceTree = "<group>"; };
		CF65D2A51C4750F200325875 /* GlanceController.swift */ = {isa = PBXFileReference; lastKnownFileType = sourcecode.swift; path = GlanceController.swift; sourceTree = "<group>"; };
		CF65D2A71C4750F200325875 /* Assets.xcassets */ = {isa = PBXFileReference; lastKnownFileType = folder.assetcatalog; path = Assets.xcassets; sourceTree = "<group>"; };
		CF65D2A91C4750F200325875 /* Info.plist */ = {isa = PBXFileReference; lastKnownFileType = text.plist.xml; path = Info.plist; sourceTree = "<group>"; };
		CF6CBCAE1C3CB0B400A50409 /* rankWidget.entitlements */ = {isa = PBXFileReference; lastKnownFileType = text.xml; path = rankWidget.entitlements; sourceTree = "<group>"; };
		CF6CBCAF1C3CF56400A50409 /* Unicity TH.entitlements */ = {isa = PBXFileReference; lastKnownFileType = text.xml; name = "Unicity TH.entitlements"; path = "Unicity TH/Unicity TH.entitlements"; sourceTree = "<group>"; };
		CFBFDDAB1C1A8E6E00680D40 /* Images.xcassets */ = {isa = PBXFileReference; lastKnownFileType = folder.assetcatalog; name = Images.xcassets; path = "Unicity TH/Images.xcassets"; sourceTree = SOURCE_ROOT; };
		CFD24F9C1C45F471008ACA15 /* applewatch copy-Info.plist */ = {isa = PBXFileReference; lastKnownFileType = text.plist.xml; name = "applewatch copy-Info.plist"; path = "/Users/watcharatep.i/phonegap/my-app/platforms/ios/applewatch copy-Info.plist"; sourceTree = "<absolute>"; };
		CFD27E4C1C48B62600E0BAF2 /* tableView.swift */ = {isa = PBXFileReference; fileEncoding = 4; lastKnownFileType = sourcecode.swift; path = tableView.swift; sourceTree = "<group>"; };
		CFD27E4E1C48B98700E0BAF2 /* appwatch.entitlements */ = {isa = PBXFileReference; lastKnownFileType = text.xml; path = appwatch.entitlements; sourceTree = "<group>"; };
		CFD27E4F1C48B99C00E0BAF2 /* appwatch Extension.entitlements */ = {isa = PBXFileReference; lastKnownFileType = text.xml; path = "appwatch Extension.entitlements"; sourceTree = "<group>"; };
		CFD27E501C48BCFE00E0BAF2 /* WatchData.swift */ = {isa = PBXFileReference; fileEncoding = 4; lastKnownFileType = sourcecode.swift; path = WatchData.swift; sourceTree = "<group>"; };
		CFE020181C3F4AD60049B5BA /* profileUni.entitlements */ = {isa = PBXFileReference; lastKnownFileType = text.xml; path = profileUni.entitlements; sourceTree = "<group>"; };
		CFE020291C3F4CFF0049B5BA /* HTTPRequestSerializer.swift */ = {isa = PBXFileReference; fileEncoding = 4; lastKnownFileType = sourcecode.swift; path = HTTPRequestSerializer.swift; sourceTree = "<group>"; };
		CFE0202A1C3F4CFF0049B5BA /* HTTPResponseSerializer.swift */ = {isa = PBXFileReference; fileEncoding = 4; lastKnownFileType = sourcecode.swift; path = HTTPResponseSerializer.swift; sourceTree = "<group>"; };
		CFE0202B1C3F4CFF0049B5BA /* HTTPSecurity.swift */ = {isa = PBXFileReference; fileEncoding = 4; lastKnownFileType = sourcecode.swift; path = HTTPSecurity.swift; sourceTree = "<group>"; };
		CFE0202C1C3F4CFF0049B5BA /* HTTPStatusCode.swift */ = {isa = PBXFileReference; fileEncoding = 4; lastKnownFileType = sourcecode.swift; path = HTTPStatusCode.swift; sourceTree = "<group>"; };
		CFE0202D1C3F4CFF0049B5BA /* HTTPTask.swift */ = {isa = PBXFileReference; fileEncoding = 4; lastKnownFileType = sourcecode.swift; path = HTTPTask.swift; sourceTree = "<group>"; };
		CFE0202E1C3F4CFF0049B5BA /* HTTPUpload.swift */ = {isa = PBXFileReference; fileEncoding = 4; lastKnownFileType = sourcecode.swift; path = HTTPUpload.swift; sourceTree = "<group>"; };
		CFE0202F1C3F4CFF0049B5BA /* SwiftHTTP.h */ = {isa = PBXFileReference; fileEncoding = 4; lastKnownFileType = sourcecode.c.h; path = SwiftHTTP.h; sourceTree = "<group>"; };
		CFE020361C3F4D1D0049B5BA /* JSONJoy.h */ = {isa = PBXFileReference; fileEncoding = 4; lastKnownFileType = sourcecode.c.h; path = JSONJoy.h; sourceTree = "<group>"; };
		CFE020371C3F4D1D0049B5BA /* JSONJoy.swift */ = {isa = PBXFileReference; fileEncoding = 4; lastKnownFileType = sourcecode.swift; path = JSONJoy.swift; sourceTree = "<group>"; };
		D4A0D8751607E02300AEF8BB /* Default-568h@2x~iphone.png */ = {isa = PBXFileReference; lastKnownFileType = image.png; path = "Default-568h@2x~iphone.png"; sourceTree = "<group>"; };
		D4D6988153F946DE8C0E7318 /* StoreKit.framework */ = {isa = PBXFileReference; fileEncoding = 4; lastKnownFileType = wrapper.framework; name = StoreKit.framework; path = System/Library/Frameworks/StoreKit.framework; sourceTree = SDKROOT; };
		D76AF3F2BCEF4579A3D380C0 /* CDVLogger.h */ = {isa = PBXFileReference; fileEncoding = 4; lastKnownFileType = sourcecode.c.h; name = CDVLogger.h; path = "cordova-plugin-console/CDVLogger.h"; sourceTree = "<group>"; };
		DCD60F5AF9B5478A86F0B267 /* CDVLogger.m */ = {isa = PBXFileReference; fileEncoding = 4; lastKnownFileType = sourcecode.c.objc; name = CDVLogger.m; path = "cordova-plugin-console/CDVLogger.m"; sourceTree = "<group>"; };
		DD676FBAFECE451A91D603E0 /* CDVClipboard.h */ = {isa = PBXFileReference; fileEncoding = 4; lastKnownFileType = sourcecode.c.h; name = CDVClipboard.h; path = com.verso.cordova.clipboard/CDVClipboard.h; sourceTree = "<group>"; };
		E2E98C93144142A59A17D2DD /* Sms.h */ = {isa = PBXFileReference; fileEncoding = 4; lastKnownFileType = sourcecode.c.h; name = Sms.h; path = com.cordova.plugins.sms/Sms.h; sourceTree = "<group>"; };
		E6E9D4A687A147458B8677A7 /* CDVNotification.h */ = {isa = PBXFileReference; fileEncoding = 4; lastKnownFileType = sourcecode.c.h; name = CDVNotification.h; path = "cordova-plugin-dialogs/CDVNotification.h"; sourceTree = "<group>"; };
		EA49E0328F314CEE801DC7CF /* CDVDevice.m */ = {isa = PBXFileReference; fileEncoding = 4; lastKnownFileType = sourcecode.c.objc; name = CDVDevice.m; path = "cordova-plugin-device/CDVDevice.m"; sourceTree = "<group>"; };
		EB87FDF21871DA7A0020F90C /* merges */ = {isa = PBXFileReference; lastKnownFileType = folder; name = merges; path = ../../merges; sourceTree = "<group>"; };
		EB87FDF31871DA8E0020F90C /* www */ = {isa = PBXFileReference; lastKnownFileType = folder; name = www; path = ../../www; sourceTree = "<group>"; };
		EB87FDF41871DAF40020F90C /* config.xml */ = {isa = PBXFileReference; lastKnownFileType = text.xml; name = config.xml; path = ../../config.xml; sourceTree = "<group>"; };
		F1E6BA880874425BA2FBF980 /* CDVInstagramPlugin.m */ = {isa = PBXFileReference; fileEncoding = 4; lastKnownFileType = sourcecode.c.objc; name = CDVInstagramPlugin.m; path = "cordova-instagram-plugin/CDVInstagramPlugin/CDVInstagramPlugin.m"; sourceTree = "<group>"; };
		F4937004F4774F4483F0B335 /* MessageUI.framework */ = {isa = PBXFileReference; fileEncoding = 4; lastKnownFileType = wrapper.framework; name = MessageUI.framework; path = System/Library/Frameworks/MessageUI.framework; sourceTree = SDKROOT; };
		F6B974E67F19457685C0D2AB /* CDVCapture.m */ = {isa = PBXFileReference; fileEncoding = 4; lastKnownFileType = sourcecode.c.objc; name = CDVCapture.m; path = "cordova-plugin-media-capture/CDVCapture.m"; sourceTree = "<group>"; };
		F840E1F0165FE0F500CFE078 /* config.xml */ = {isa = PBXFileReference; lastKnownFileType = text.xml; name = config.xml; path = "Unicity TH/config.xml"; sourceTree = "<group>"; };
/* End PBXFileReference section */

/* Begin PBXFrameworksBuildPhase section */
		1D60588F0D05DD3D006BFB54 /* Frameworks */ = {
			isa = PBXFrameworksBuildPhase;
			buildActionMask = 2147483647;
			files = (
				5B1594DD16A7569C00FEF299 /* AssetsLibrary.framework in Frameworks */,
				301BF552109A68D80062928A /* libCordova.a in Frameworks */,
				288765FD0DF74451002DB57D /* CoreGraphics.framework in Frameworks */,
				305D5FD1115AB8F900A74A75 /* MobileCoreServices.framework in Frameworks */,
				40C6FEF8FED341D08D63F384 /* MessageUI.framework in Frameworks */,
				DFDF750FD960462F9CCB0D26 /* ImageIO.framework in Frameworks */,
				3C2520738421424D91FDC156 /* CoreLocation.framework in Frameworks */,
				950F19738641496C8418CDC8 /* AVFoundation.framework in Frameworks */,
				53674520AF044399B4C4CBEE /* AudioToolbox.framework in Frameworks */,
				C3C40DC015F448149BEE2C08 /* Social.framework in Frameworks */,
				F67A9B4156A0454B83E83E7D /* StoreKit.framework in Frameworks */,
			);
			runOnlyForDeploymentPostprocessing = 0;
		};
		CF0412BD1C3E7AA600BDE257 /* Frameworks */ = {
			isa = PBXFrameworksBuildPhase;
			buildActionMask = 2147483647;
			files = (
				CF0412C11C3E7AA600BDE257 /* NotificationCenter.framework in Frameworks */,
			);
			runOnlyForDeploymentPostprocessing = 0;
		};
		CF4A67C81C28FFEF0077CBF8 /* Frameworks */ = {
			isa = PBXFrameworksBuildPhase;
			buildActionMask = 2147483647;
			files = (
				CF4A67CD1C28FFF00077CBF8 /* NotificationCenter.framework in Frameworks */,
			);
			runOnlyForDeploymentPostprocessing = 0;
		};
/* End PBXFrameworksBuildPhase section */

/* Begin PBXGroup section */
		080E96DDFE201D6D7F000001 /* Classes */ = {
			isa = PBXGroup;
			children = (
				302D95EE14D2391D003F00A1 /* MainViewController.h */,
				302D95EF14D2391D003F00A1 /* MainViewController.m */,
				302D95F014D2391D003F00A1 /* MainViewController.xib */,
				1D3623240D0F684500981E51 /* AppDelegate.h */,
				1D3623250D0F684500981E51 /* AppDelegate.m */,
			);
			name = Classes;
			path = "Unicity TH/Classes";
			sourceTree = SOURCE_ROOT;
		};
		19C28FACFE9D520D11CA2CBB /* Products */ = {
			isa = PBXGroup;
			children = (
				1D6058910D05DD3D006BFB54 /* Unicity TH.app */,
				CF4A67CB1C28FFEF0077CBF8 /* rankWidget.appex */,
				CF0412C01C3E7AA600BDE257 /* profileUni.appex */,
			);
			name = Products;
			sourceTree = "<group>";
		};
		29B97314FDCFA39411CA2CEA /* CustomTemplate */ = {
			isa = PBXGroup;
			children = (
				CF6CBCAF1C3CF56400A50409 /* Unicity TH.entitlements */,
				EB87FDF41871DAF40020F90C /* config.xml */,
				EB87FDF31871DA8E0020F90C /* www */,
				EB87FDF21871DA7A0020F90C /* merges */,
				EB87FDF11871DA420020F90C /* Staging */,
				301BF52D109A57CC0062928A /* CordovaLib.xcodeproj */,
				080E96DDFE201D6D7F000001 /* Classes */,
				307C750510C5A3420062BCA9 /* Plugins */,
				29B97315FDCFA39411CA2CEA /* Other Sources */,
				29B97317FDCFA39411CA2CEA /* Resources */,
				CF4A67CE1C28FFF00077CBF8 /* rankWidget */,
				CF0412C21C3E7AA600BDE257 /* profileUni */,
				CF65D28D1C4750F200325875 /* appwatch */,
				CF65D29C1C4750F200325875 /* appwatch Extension */,
				29B97323FDCFA39411CA2CEA /* Frameworks */,
				19C28FACFE9D520D11CA2CBB /* Products */,
				CFD24F9C1C45F471008ACA15 /* applewatch copy-Info.plist */,
			);
			name = CustomTemplate;
			sourceTree = "<group>";
		};
		29B97315FDCFA39411CA2CEA /* Other Sources */ = {
			isa = PBXGroup;
			children = (
				32CA4F630368D1EE00C91783 /* Unicity TH-Prefix.pch */,
				29B97316FDCFA39411CA2CEA /* main.m */,
			);
			name = "Other Sources";
			path = "Unicity TH";
			sourceTree = "<group>";
		};
		29B97317FDCFA39411CA2CEA /* Resources */ = {
			isa = PBXGroup;
			children = (
				CFBFDDAB1C1A8E6E00680D40 /* Images.xcassets */,
				308D052D1370CCF300D202BF /* icons */,
				308D05311370CCF300D202BF /* splash */,
				8D1107310486CEB800E47090 /* Unicity TH-Info.plist */,
				5FD066202A0640B99A2731B5 /* CDVNotification.bundle */,
				11F2D1FF0CBB4E3C8C8F52DF /* CDVCapture.bundle */,
			);
			name = Resources;
			path = "Unicity TH/Resources";
			sourceTree = "<group>";
		};
		29B97323FDCFA39411CA2CEA /* Frameworks */ = {
			isa = PBXGroup;
			children = (
				5B1594DC16A7569C00FEF299 /* AssetsLibrary.framework */,
				288765FC0DF74451002DB57D /* CoreGraphics.framework */,
				305D5FD0115AB8F900A74A75 /* MobileCoreServices.framework */,
				F4937004F4774F4483F0B335 /* MessageUI.framework */,
				0B54B4340FF7449990C2EB7A /* ImageIO.framework */,
				9205BDCAC4834DE99CB3C3F4 /* CoreLocation.framework */,
				679C1FD76DF94DF4906B4E63 /* AVFoundation.framework */,
				9E824F23A7AC4728A4FCFD02 /* AudioToolbox.framework */,
				236CA60018154DC0AF2EF7E5 /* Social.framework */,
				CF4A67CC1C28FFF00077CBF8 /* NotificationCenter.framework */,
				D4D6988153F946DE8C0E7318 /* StoreKit.framework */,
			);
			name = Frameworks;
			sourceTree = "<group>";
		};
		301BF52E109A57CC0062928A /* Products */ = {
			isa = PBXGroup;
			children = (
				301BF535109A57CC0062928A /* libCordova.a */,
			);
			name = Products;
			sourceTree = "<group>";
		};
		307C750510C5A3420062BCA9 /* Plugins */ = {
			isa = PBXGroup;
			children = (
				DCD60F5AF9B5478A86F0B267 /* CDVLogger.m */,
				D76AF3F2BCEF4579A3D380C0 /* CDVLogger.h */,
				5C02D84A07044C018855B86D /* Sms.m */,
				E2E98C93144142A59A17D2DD /* Sms.h */,
				09AB467B06AC458BA986BA10 /* AppDelegate+notification.m */,
				0FEC650EA36C4846A9B83999 /* PushPlugin.m */,
				5C334E0CAECC449F81DAF7F8 /* AppDelegate+notification.h */,
				002F4577DF824DDD97A2BD34 /* PushPlugin.h */,
				AFFAE720FFCE47859C62B98A /* CDVClipboard.m */,
				DD676FBAFECE451A91D603E0 /* CDVClipboard.h */,
				F1E6BA880874425BA2FBF980 /* CDVInstagramPlugin.m */,
				A30EA45065974C45A612511E /* CDVInstagramPlugin.h */,
				33621C071DB3467F88D8512C /* CDVNotification.m */,
				E6E9D4A687A147458B8677A7 /* CDVNotification.h */,
				630D8D9A458842D1924DC80F /* CDVFile.m */,
				39720235F278473E96E8DBF9 /* CDVLocalFilesystem.m */,
				2F2EB4300191455490B056BC /* CDVAssetLibraryFilesystem.m */,
				69C085A78558484C9ACAD9E4 /* CDVFile.h */,
				4A356F29E29242B1A4AF3356 /* CDVLocalFilesystem.h */,
				2AC192CE58774AE08EF707A4 /* CDVAssetLibraryFilesystem.h */,
				F6B974E67F19457685C0D2AB /* CDVCapture.m */,
				80400EC661E8463EAA22A6F3 /* CDVCapture.h */,
				8E5C725E4EAE4360B3DAA599 /* CDVSplashScreen.m */,
				99E611271F514E0D938ABE00 /* CDVViewController+SplashScreen.m */,
				C291CCB3D2F849599CEBB645 /* CDVSplashScreen.h */,
				3C500598F4E14DCCAE13BE66 /* CDVViewController+SplashScreen.h */,
				C7AA96516248458F80F155D8 /* CDVVibration.m */,
				A4041126512943198DB3C068 /* CDVVibration.h */,
				A453757FAD4E468AA8E5A664 /* SocialSharing.m */,
				C188102B0F874318907EEA55 /* SocialSharing.h */,
				EA49E0328F314CEE801DC7CF /* CDVDevice.m */,
				225C761A1F83491FB0FCA7A5 /* CDVDevice.h */,
				3DCEAD400BA144EC8428B4EC /* CDVStatusBar.m */,
				15E8E2A9BA744EC6932A8D92 /* CDVStatusBar.h */,
				C733987F87EC43009B38881B /* CDVInAppBrowser.m */,
				692357147E9549CD840699E9 /* CDVInAppBrowser.h */,
				B313F3AEA0794C49AB5AD5AD /* CDVGlobalization.m */,
				6B8133B4A1D6466297C2CB5B /* CDVGlobalization.h */,
				6FBFB3CE22BE4E779276727F /* CDVAppRate.m */,
				B463EE62896C44BABD92234C /* CDVAppRate.h */,
			);
			name = Plugins;
			path = "Unicity TH/Plugins";
			sourceTree = SOURCE_ROOT;
		};
		308D052D1370CCF300D202BF /* icons */ = {
			isa = PBXGroup;
			children = (
				30C1856519D5FC0A00212699 /* icon-60@3x.png */,
				7E7966D41810823500FA85AD /* icon-40.png */,
				7E7966D51810823500FA85AD /* icon-40@2x.png */,
				7E7966D61810823500FA85AD /* icon-50.png */,
				7E7966D71810823500FA85AD /* icon-50@2x.png */,
				7E7966D81810823500FA85AD /* icon-60.png */,
				7E7966D91810823500FA85AD /* icon-60@2x.png */,
				7E7966DA1810823500FA85AD /* icon-76.png */,
				7E7966DB1810823500FA85AD /* icon-76@2x.png */,
				7E7966DC1810823500FA85AD /* icon-small.png */,
				7E7966DD1810823500FA85AD /* icon-small@2x.png */,
				30FC414816E50CA1004E6F35 /* icon-72@2x.png */,
				308D052E1370CCF300D202BF /* icon-72.png */,
				308D052F1370CCF300D202BF /* icon.png */,
				308D05301370CCF300D202BF /* icon@2x.png */,
			);
			path = icons;
			sourceTree = "<group>";
		};
		308D05311370CCF300D202BF /* splash */ = {
			isa = PBXGroup;
			children = (
				30B4F2FD19D5E07200D9F7D8 /* Default-667h.png */,
				30B4F2FE19D5E07200D9F7D8 /* Default-736h.png */,
				30B4F2FF19D5E07200D9F7D8 /* Default-Landscape-736h.png */,
				D4A0D8751607E02300AEF8BB /* Default-568h@2x~iphone.png */,
				3088BBB7154F3926009F9C59 /* Default-Landscape@2x~ipad.png */,
				3088BBB8154F3926009F9C59 /* Default-Landscape~ipad.png */,
				3088BBB9154F3926009F9C59 /* Default-Portrait@2x~ipad.png */,
				3088BBBA154F3926009F9C59 /* Default-Portrait~ipad.png */,
				3088BBBB154F3926009F9C59 /* Default@2x~iphone.png */,
				3088BBBC154F3926009F9C59 /* Default~iphone.png */,
			);
			path = splash;
			sourceTree = "<group>";
		};
		CF0412C21C3E7AA600BDE257 /* profileUni */ = {
			isa = PBXGroup;
			children = (
				CFE020361C3F4D1D0049B5BA /* JSONJoy.h */,
				CFE020371C3F4D1D0049B5BA /* JSONJoy.swift */,
				CFE020291C3F4CFF0049B5BA /* HTTPRequestSerializer.swift */,
				CFE0202A1C3F4CFF0049B5BA /* HTTPResponseSerializer.swift */,
				CFE0202B1C3F4CFF0049B5BA /* HTTPSecurity.swift */,
				CFE0202C1C3F4CFF0049B5BA /* HTTPStatusCode.swift */,
				CFE0202D1C3F4CFF0049B5BA /* HTTPTask.swift */,
				CFE0202E1C3F4CFF0049B5BA /* HTTPUpload.swift */,
				CFE0202F1C3F4CFF0049B5BA /* SwiftHTTP.h */,
				CF0412BA1C3E79EC00BDE257 /* Widget.swift */,
				CFE020181C3F4AD60049B5BA /* profileUni.entitlements */,
				CF0412C31C3E7AA600BDE257 /* TodayViewController.swift */,
				CF0412C51C3E7AA600BDE257 /* MainInterface.storyboard */,
				CF0412C81C3E7AA600BDE257 /* Info.plist */,
			);
			path = profileUni;
			sourceTree = "<group>";
		};
		CF4A67CE1C28FFF00077CBF8 /* rankWidget */ = {
			isa = PBXGroup;
			children = (
				CF6CBCAE1C3CB0B400A50409 /* rankWidget.entitlements */,
				CF4A67CF1C28FFF00077CBF8 /* TodayViewController.swift */,
				CF4A67D11C28FFF00077CBF8 /* MainInterface.storyboard */,
				CF4A67D41C28FFF00077CBF8 /* Info.plist */,
			);
			path = rankWidget;
			sourceTree = "<group>";
		};
		CF65D28D1C4750F200325875 /* appwatch */ = {
			isa = PBXGroup;
			children = (
				CFD27E4E1C48B98700E0BAF2 /* appwatch.entitlements */,
				CF65D28E1C4750F200325875 /* Interface.storyboard */,
				CF65D2911C4750F200325875 /* Assets.xcassets */,
				CF65D2931C4750F200325875 /* Info.plist */,
			);
			path = appwatch;
			sourceTree = "<group>";
		};
		CF65D29C1C4750F200325875 /* appwatch Extension */ = {
			isa = PBXGroup;
			children = (
				CFD27E4F1C48B99C00E0BAF2 /* appwatch Extension.entitlements */,
				CF65D29F1C4750F200325875 /* InterfaceController.swift */,
				CF65D2A11C4750F200325875 /* ExtensionDelegate.swift */,
				CF65D2A31C4750F200325875 /* NotificationController.swift */,
				CF65D2A51C4750F200325875 /* GlanceController.swift */,
				CF65D2A71C4750F200325875 /* Assets.xcassets */,
				CF65D2A91C4750F200325875 /* Info.plist */,
				CF65D29D1C4750F200325875 /* Supporting Files */,
				CFD27E4C1C48B62600E0BAF2 /* tableView.swift */,
				CFD27E501C48BCFE00E0BAF2 /* WatchData.swift */,
			);
			path = "appwatch Extension";
			sourceTree = "<group>";
		};
		CF65D29D1C4750F200325875 /* Supporting Files */ = {
			isa = PBXGroup;
			children = (
				CF65D29E1C4750F200325875 /* PushNotificationPayload.apns */,
			);
			name = "Supporting Files";
			sourceTree = "<group>";
		};
		EB87FDF11871DA420020F90C /* Staging */ = {
			isa = PBXGroup;
			children = (
				F840E1F0165FE0F500CFE078 /* config.xml */,
				301BF56E109A69640062928A /* www */,
			);
			name = Staging;
			sourceTree = "<group>";
		};
/* End PBXGroup section */

/* Begin PBXNativeTarget section */
		1D6058900D05DD3D006BFB54 /* Unicity TH */ = {
			isa = PBXNativeTarget;
			buildConfigurationList = 1D6058960D05DD3E006BFB54 /* Build configuration list for PBXNativeTarget "Unicity TH" */;
			buildPhases = (
				304B58A110DAC018002A0835 /* Copy www directory */,
				1D60588D0D05DD3D006BFB54 /* Resources */,
				1D60588E0D05DD3D006BFB54 /* Sources */,
				1D60588F0D05DD3D006BFB54 /* Frameworks */,
				CF0412CF1C3E7AA600BDE257 /* Embed App Extensions */,
				CF17CF741C43BB0200CBBD03 /* Embed Watch Content */,
			);
			buildRules = (
			);
			dependencies = (
				301BF551109A68C00062928A /* PBXTargetDependency */,
				CF0412CA1C3E7AA600BDE257 /* PBXTargetDependency */,
			);
			name = "Unicity TH";
			productName = "Unicity TH";
			productReference = 1D6058910D05DD3D006BFB54 /* Unicity TH.app */;
			productType = "com.apple.product-type.application";
		};
		CF0412BF1C3E7AA600BDE257 /* profileUni */ = {
			isa = PBXNativeTarget;
			buildConfigurationList = CF0412CC1C3E7AA600BDE257 /* Build configuration list for PBXNativeTarget "profileUni" */;
			buildPhases = (
				CF0412BC1C3E7AA600BDE257 /* Sources */,
				CF0412BD1C3E7AA600BDE257 /* Frameworks */,
				CF0412BE1C3E7AA600BDE257 /* Resources */,
			);
			buildRules = (
			);
			dependencies = (
			);
			name = profileUni;
			productName = profileUni;
			productReference = CF0412C01C3E7AA600BDE257 /* profileUni.appex */;
			productType = "com.apple.product-type.app-extension";
		};
		CF4A67CA1C28FFEF0077CBF8 /* rankWidget */ = {
			isa = PBXNativeTarget;
			buildConfigurationList = CF4A67DA1C28FFF00077CBF8 /* Build configuration list for PBXNativeTarget "rankWidget" */;
			buildPhases = (
				CF4A67C71C28FFEF0077CBF8 /* Sources */,
				CF4A67C81C28FFEF0077CBF8 /* Frameworks */,
				CF4A67C91C28FFEF0077CBF8 /* Resources */,
			);
			buildRules = (
			);
			dependencies = (
			);
			name = rankWidget;
			productName = rankWidget;
			productReference = CF4A67CB1C28FFEF0077CBF8 /* rankWidget.appex */;
			productType = "com.apple.product-type.app-extension";
		};
/* End PBXNativeTarget section */

/* Begin PBXProject section */
		29B97313FDCFA39411CA2CEA /* Project object */ = {
			isa = PBXProject;
			attributes = {
				LastSwiftUpdateCheck = 730;
				LastUpgradeCheck = 510;
				TargetAttributes = {
					1D6058900D05DD3D006BFB54 = {
						SystemCapabilities = {
							com.apple.ApplicationGroups.iOS = {
								enabled = 1;
							};
							com.apple.Push = {
								enabled = 1;
							};
						};
					};
					CF0412BF1C3E7AA600BDE257 = {
						CreatedOnToolsVersion = 7.0.1;
						SystemCapabilities = {
							com.apple.ApplicationGroups.iOS = {
								enabled = 1;
							};
						};
					};
					CF4A67CA1C28FFEF0077CBF8 = {
						CreatedOnToolsVersion = 7.0.1;
						SystemCapabilities = {
							com.apple.ApplicationGroups.iOS = {
								enabled = 1;
							};
						};
					};
				};
			};
			buildConfigurationList = C01FCF4E08A954540054247B /* Build configuration list for PBXProject "Unicity TH" */;
			compatibilityVersion = "Xcode 3.2";
			developmentRegion = English;
			hasScannedForEncodings = 1;
			knownRegions = (
				English,
				Japanese,
				French,
				German,
				en,
				es,
				de,
				se,
				Base,
			);
			mainGroup = 29B97314FDCFA39411CA2CEA /* CustomTemplate */;
			projectDirPath = "";
			projectReferences = (
				{
					ProductGroup = 301BF52E109A57CC0062928A /* Products */;
					ProjectRef = 301BF52D109A57CC0062928A /* CordovaLib.xcodeproj */;
				},
			);
			projectRoot = "";
			targets = (
				1D6058900D05DD3D006BFB54 /* Unicity TH */,
				CF4A67CA1C28FFEF0077CBF8 /* rankWidget */,
				CF0412BF1C3E7AA600BDE257 /* profileUni */,
			);
		};
/* End PBXProject section */

/* Begin PBXReferenceProxy section */
		301BF535109A57CC0062928A /* libCordova.a */ = {
			isa = PBXReferenceProxy;
			fileType = archive.ar;
			path = libCordova.a;
			remoteRef = 301BF534109A57CC0062928A /* PBXContainerItemProxy */;
			sourceTree = BUILT_PRODUCTS_DIR;
		};
/* End PBXReferenceProxy section */

/* Begin PBXResourcesBuildPhase section */
		1D60588D0D05DD3D006BFB54 /* Resources */ = {
			isa = PBXResourcesBuildPhase;
			buildActionMask = 2147483647;
			files = (
				7E7966E41810823500FA85AD /* icon-76.png in Resources */,
				7E7966DF1810823500FA85AD /* icon-40@2x.png in Resources */,
				308D05371370CCF300D202BF /* icon-72.png in Resources */,
				30B4F30119D5E07200D9F7D8 /* Default-736h.png in Resources */,
				308D05381370CCF300D202BF /* icon.png in Resources */,
				308D05391370CCF300D202BF /* icon@2x.png in Resources */,
				302D95F214D2391D003F00A1 /* MainViewController.xib in Resources */,
				7E7966E01810823500FA85AD /* icon-50.png in Resources */,
				7E7966E31810823500FA85AD /* icon-60@2x.png in Resources */,
				7E7966E61810823500FA85AD /* icon-small.png in Resources */,
				3088BBBD154F3926009F9C59 /* Default-Landscape@2x~ipad.png in Resources */,
				3088BBBE154F3926009F9C59 /* Default-Landscape~ipad.png in Resources */,
				3088BBBF154F3926009F9C59 /* Default-Portrait@2x~ipad.png in Resources */,
				7E7966E71810823500FA85AD /* icon-small@2x.png in Resources */,
				3088BBC0154F3926009F9C59 /* Default-Portrait~ipad.png in Resources */,
				30B4F30019D5E07200D9F7D8 /* Default-667h.png in Resources */,
				7E7966DE1810823500FA85AD /* icon-40.png in Resources */,
				3088BBC1154F3926009F9C59 /* Default@2x~iphone.png in Resources */,
				7E7966E21810823500FA85AD /* icon-60.png in Resources */,
				3088BBC2154F3926009F9C59 /* Default~iphone.png in Resources */,
				D4A0D8761607E02300AEF8BB /* Default-568h@2x~iphone.png in Resources */,
				30B4F30219D5E07200D9F7D8 /* Default-Landscape-736h.png in Resources */,
				30C1856619D5FC0A00212699 /* icon-60@3x.png in Resources */,
				7E7966E11810823500FA85AD /* icon-50@2x.png in Resources */,
				7E7966E51810823500FA85AD /* icon-76@2x.png in Resources */,
				30FC414916E50CA1004E6F35 /* icon-72@2x.png in Resources */,
				CFBFDDAC1C1A8E6E00680D40 /* Images.xcassets in Resources */,
				D2A7939DE48D48DB8A7127E0 /* CDVNotification.bundle in Resources */,
				C09731C9C07448C89F58DAEA /* CDVCapture.bundle in Resources */,
			);
			runOnlyForDeploymentPostprocessing = 0;
		};
		CF0412BE1C3E7AA600BDE257 /* Resources */ = {
			isa = PBXResourcesBuildPhase;
			buildActionMask = 2147483647;
			files = (
				CF0412C71C3E7AA600BDE257 /* MainInterface.storyboard in Resources */,
				CFE0203A1C3F50C40049B5BA /* Images.xcassets in Resources */,
			);
			runOnlyForDeploymentPostprocessing = 0;
		};
		CF4A67C91C28FFEF0077CBF8 /* Resources */ = {
			isa = PBXResourcesBuildPhase;
			buildActionMask = 2147483647;
			files = (
				CF4A67D31C28FFF00077CBF8 /* MainInterface.storyboard in Resources */,
				CF4A67E21C290AF20077CBF8 /* Images.xcassets in Resources */,
			);
			runOnlyForDeploymentPostprocessing = 0;
		};
/* End PBXResourcesBuildPhase section */

/* Begin PBXShellScriptBuildPhase section */
		304B58A110DAC018002A0835 /* Copy www directory */ = {
			isa = PBXShellScriptBuildPhase;
			buildActionMask = 2147483647;
			files = (
			);
			inputPaths = (
			);
			name = "Copy www directory";
			outputPaths = (
			);
			runOnlyForDeploymentPostprocessing = 0;
			shellPath = /bin/sh;
			shellScript = "NODEJS_PATH=/usr/local/bin; NVM_NODE_PATH=~/.nvm/versions/node/`nvm version 2>/dev/null`/bin; N_NODE_PATH=`find /usr/local/n/versions/node/* -maxdepth 0 -type d 2>/dev/null | tail -1`/bin; XCODE_NODE_PATH=`xcode-select --print-path`/usr/share/xcs/Node/bin; PATH=$NODEJS_PATH:$NVM_NODE_PATH:$N_NODE_PATH:$XCODE_NODE_PATH:$PATH && node cordova/lib/copy-www-build-step.js";
			showEnvVarsInLog = 0;
		};
/* End PBXShellScriptBuildPhase section */

/* Begin PBXSourcesBuildPhase section */
		1D60588E0D05DD3D006BFB54 /* Sources */ = {
			isa = PBXSourcesBuildPhase;
			buildActionMask = 2147483647;
			files = (
				1D60589B0D05DD56006BFB54 /* main.m in Sources */,
				1D3623260D0F684500981E51 /* AppDelegate.m in Sources */,
				302D95F114D2391D003F00A1 /* MainViewController.m in Sources */,
				263EB1A57AF64CFDADD58EB0 /* CDVLogger.m in Sources */,
				AFE19ABD1D6F496BA3DA7ADB /* Sms.m in Sources */,
				2D685135E3574307A4CFC068 /* AppDelegate+notification.m in Sources */,
				76F7549DD66341C288533003 /* PushPlugin.m in Sources */,
				6070B77840A647B780207D51 /* CDVClipboard.m in Sources */,
				6F082E99C3E74B6386E56C56 /* CDVInstagramPlugin.m in Sources */,
				1F3A74DA96084B049C5B7349 /* CDVNotification.m in Sources */,
				A11795B9EE6C476F963DD7D2 /* CDVFile.m in Sources */,
				44C5BC60D42E4A629D710657 /* CDVLocalFilesystem.m in Sources */,
				EF1EA68212814851BB155F0F /* CDVAssetLibraryFilesystem.m in Sources */,
				5FB7D69EE7B445C2976B3F71 /* CDVCapture.m in Sources */,
				E7E3989775924F5E8AD0B785 /* CDVSplashScreen.m in Sources */,
				48600DFCF2D24720B43938A1 /* CDVViewController+SplashScreen.m in Sources */,
				D8592D4819CF43CC88429D9A /* CDVVibration.m in Sources */,
				F55C13E874344D3F84F98087 /* SocialSharing.m in Sources */,
				36495849C15A453890D8BB56 /* CDVDevice.m in Sources */,
				F10ABC86A13645AA80FC82AB /* CDVStatusBar.m in Sources */,
				FE366C2F887C494390C746BA /* CDVInAppBrowser.m in Sources */,
				DF9E4D1B3A6E478B9FE121FE /* CDVGlobalization.m in Sources */,
				725E237738FB42ADA69D0210 /* CDVAppRate.m in Sources */,
			);
			runOnlyForDeploymentPostprocessing = 0;
		};
		CF0412BC1C3E7AA600BDE257 /* Sources */ = {
			isa = PBXSourcesBuildPhase;
			buildActionMask = 2147483647;
			files = (
				CFE020341C3F4CFF0049B5BA /* HTTPTask.swift in Sources */,
				CFE020331C3F4CFF0049B5BA /* HTTPStatusCode.swift in Sources */,
				CFE020351C3F4CFF0049B5BA /* HTTPUpload.swift in Sources */,
				CF0412C41C3E7AA600BDE257 /* TodayViewController.swift in Sources */,
				CFE020381C3F4D1D0049B5BA /* JSONJoy.swift in Sources */,
				CFE020321C3F4CFF0049B5BA /* HTTPSecurity.swift in Sources */,
				CFE020301C3F4CFF0049B5BA /* HTTPRequestSerializer.swift in Sources */,
				CFE020311C3F4CFF0049B5BA /* HTTPResponseSerializer.swift in Sources */,
			);
			runOnlyForDeploymentPostprocessing = 0;
		};
		CF4A67C71C28FFEF0077CBF8 /* Sources */ = {
			isa = PBXSourcesBuildPhase;
			buildActionMask = 2147483647;
			files = (
				CF0412BB1C3E79EC00BDE257 /* Widget.swift in Sources */,
				CF4A67D01C28FFF00077CBF8 /* TodayViewController.swift in Sources */,
			);
			runOnlyForDeploymentPostprocessing = 0;
		};
/* End PBXSourcesBuildPhase section */

/* Begin PBXTargetDependency section */
		301BF551109A68C00062928A /* PBXTargetDependency */ = {
			isa = PBXTargetDependency;
			name = CordovaLib;
			targetProxy = 301BF550109A68C00062928A /* PBXContainerItemProxy */;
		};
		CF0412CA1C3E7AA600BDE257 /* PBXTargetDependency */ = {
			isa = PBXTargetDependency;
			target = CF0412BF1C3E7AA600BDE257 /* profileUni */;
			targetProxy = CF0412C91C3E7AA600BDE257 /* PBXContainerItemProxy */;
		};
/* End PBXTargetDependency section */

/* Begin PBXVariantGroup section */
		CF0412C51C3E7AA600BDE257 /* MainInterface.storyboard */ = {
			isa = PBXVariantGroup;
			children = (
				CF0412C61C3E7AA600BDE257 /* Base */,
			);
			name = MainInterface.storyboard;
			sourceTree = "<group>";
		};
		CF4A67D11C28FFF00077CBF8 /* MainInterface.storyboard */ = {
			isa = PBXVariantGroup;
			children = (
				CF4A67D21C28FFF00077CBF8 /* Base */,
			);
			name = MainInterface.storyboard;
			sourceTree = "<group>";
		};
		CF65D28E1C4750F200325875 /* Interface.storyboard */ = {
			isa = PBXVariantGroup;
			children = (
				CF65D28F1C4750F200325875 /* Base */,
			);
			name = Interface.storyboard;
			sourceTree = "<group>";
		};
/* End PBXVariantGroup section */

/* Begin XCBuildConfiguration section */
		1D6058940D05DD3E006BFB54 /* Debug */ = {
			isa = XCBuildConfiguration;
			buildSettings = {
				ALWAYS_SEARCH_USER_PATHS = NO;
				ASSETCATALOG_COMPILER_APPICON_NAME = AppIcon;
				ASSETCATALOG_COMPILER_LAUNCHIMAGE_NAME = "BrandAsset-5";
				CLANG_ENABLE_OBJC_ARC = YES;
				CODE_SIGN_ENTITLEMENTS = "Unicity TH/Unicity TH.entitlements";
				CODE_SIGN_IDENTITY = "iPhone Developer";
				"CODE_SIGN_IDENTITY[sdk=iphoneos*]" = "iPhone Developer";
				COPY_PHASE_STRIP = NO;
				EMBEDDED_CONTENT_CONTAINS_SWIFT = YES;
				GCC_DYNAMIC_NO_PIC = NO;
				GCC_OPTIMIZATION_LEVEL = 0;
				GCC_PRECOMPILE_PREFIX_HEADER = YES;
				GCC_PREFIX_HEADER = "Unicity TH/Unicity TH-Prefix.pch";
				GCC_THUMB_SUPPORT = NO;
				GCC_VERSION = "";
				INFOPLIST_FILE = "Unicity TH/Unicity TH-Info.plist";
				IPHONEOS_DEPLOYMENT_TARGET = 7.0;
				OTHER_LDFLAGS = (
					"-weak_framework",
					CoreFoundation,
					"-weak_framework",
					UIKit,
					"-weak_framework",
					AVFoundation,
					"-weak_framework",
					CoreMedia,
					"-weak-lSystem",
					"-ObjC",
				);
				PRODUCT_NAME = "Unicity TH";
				PROVISIONING_PROFILE = "";
				TARGETED_DEVICE_FAMILY = "1,2";
			};
			name = Debug;
		};
		1D6058950D05DD3E006BFB54 /* Release */ = {
			isa = XCBuildConfiguration;
			buildSettings = {
				ALWAYS_SEARCH_USER_PATHS = NO;
				ASSETCATALOG_COMPILER_APPICON_NAME = AppIcon;
				ASSETCATALOG_COMPILER_LAUNCHIMAGE_NAME = "BrandAsset-5";
				CLANG_ENABLE_OBJC_ARC = YES;
				CODE_SIGN_ENTITLEMENTS = "Unicity TH/Unicity TH.entitlements";
				CODE_SIGN_IDENTITY = "iPhone Developer";
				"CODE_SIGN_IDENTITY[sdk=iphoneos*]" = "iPhone Developer";
				COPY_PHASE_STRIP = YES;
				EMBEDDED_CONTENT_CONTAINS_SWIFT = YES;
				GCC_PRECOMPILE_PREFIX_HEADER = YES;
				GCC_PREFIX_HEADER = "Unicity TH/Unicity TH-Prefix.pch";
				GCC_THUMB_SUPPORT = NO;
				GCC_VERSION = "";
				INFOPLIST_FILE = "Unicity TH/Unicity TH-Info.plist";
				IPHONEOS_DEPLOYMENT_TARGET = 7.0;
				OTHER_LDFLAGS = (
					"-weak_framework",
					CoreFoundation,
					"-weak_framework",
					UIKit,
					"-weak_framework",
					AVFoundation,
					"-weak_framework",
					CoreMedia,
					"-weak-lSystem",
					"-ObjC",
				);
				PRODUCT_NAME = "Unicity TH";
				PROVISIONING_PROFILE = "";
				TARGETED_DEVICE_FAMILY = "1,2";
			};
			name = Release;
		};
		C01FCF4F08A954540054247B /* Debug */ = {
			isa = XCBuildConfiguration;
			buildSettings = {
				CLANG_ENABLE_OBJC_ARC = YES;
				CLANG_WARN_BOOL_CONVERSION = YES;
				CLANG_WARN_CONSTANT_CONVERSION = YES;
				CLANG_WARN_EMPTY_BODY = YES;
				CLANG_WARN_ENUM_CONVERSION = YES;
				CLANG_WARN_INT_CONVERSION = YES;
				CLANG_WARN__DUPLICATE_METHOD_MATCH = YES;
				"CODE_SIGN_IDENTITY[sdk=iphoneos*]" = "iPhone Developer";
				GCC_C_LANGUAGE_STANDARD = c99;
				GCC_THUMB_SUPPORT = NO;
				GCC_VERSION = "";
				GCC_WARN_ABOUT_RETURN_TYPE = YES;
				GCC_WARN_UNDECLARED_SELECTOR = YES;
				GCC_WARN_UNINITIALIZED_AUTOS = YES;
				GCC_WARN_UNUSED_FUNCTION = YES;
				GCC_WARN_UNUSED_VARIABLE = YES;
				HEADER_SEARCH_PATHS = (
					"\"$(TARGET_BUILD_DIR)/usr/local/lib/include\"",
					"\"$(OBJROOT)/UninstalledProducts/include\"",
					"\"$(BUILT_PRODUCTS_DIR)\"",
				);
				IPHONEOS_DEPLOYMENT_TARGET = 6.0;
				ONLY_ACTIVE_ARCH = YES;
				OTHER_LDFLAGS = (
					"-weak_framework",
					CoreFoundation,
					"-weak_framework",
					UIKit,
					"-weak_framework",
					AVFoundation,
					"-weak_framework",
					CoreMedia,
					"-weak-lSystem",
					"-ObjC",
				);
				SDKROOT = iphoneos;
				SKIP_INSTALL = NO;
				USER_HEADER_SEARCH_PATHS = "";
			};
			name = Debug;
		};
		C01FCF5008A954540054247B /* Release */ = {
			isa = XCBuildConfiguration;
			buildSettings = {
				CLANG_ENABLE_OBJC_ARC = YES;
				CLANG_WARN_BOOL_CONVERSION = YES;
				CLANG_WARN_CONSTANT_CONVERSION = YES;
				CLANG_WARN_EMPTY_BODY = YES;
				CLANG_WARN_ENUM_CONVERSION = YES;
				CLANG_WARN_INT_CONVERSION = YES;
				CLANG_WARN__DUPLICATE_METHOD_MATCH = YES;
				"CODE_SIGN_IDENTITY[sdk=iphoneos*]" = "iPhone Developer";
				GCC_C_LANGUAGE_STANDARD = c99;
				GCC_THUMB_SUPPORT = NO;
				GCC_VERSION = "";
				GCC_WARN_ABOUT_RETURN_TYPE = YES;
				GCC_WARN_UNDECLARED_SELECTOR = YES;
				GCC_WARN_UNINITIALIZED_AUTOS = YES;
				GCC_WARN_UNUSED_FUNCTION = YES;
				GCC_WARN_UNUSED_VARIABLE = YES;
				HEADER_SEARCH_PATHS = (
					"\"$(TARGET_BUILD_DIR)/usr/local/lib/include\"",
					"\"$(OBJROOT)/UninstalledProducts/include\"",
					"\"$(BUILT_PRODUCTS_DIR)\"",
					"\"$(OBJROOT)/UninstalledProducts/$(PLATFORM_NAME)/include\"",
				);
				IPHONEOS_DEPLOYMENT_TARGET = 6.0;
				OTHER_LDFLAGS = (
					"-weak_framework",
					CoreFoundation,
					"-weak_framework",
					UIKit,
					"-weak_framework",
					AVFoundation,
					"-weak_framework",
					CoreMedia,
					"-weak-lSystem",
					"-ObjC",
				);
				SDKROOT = iphoneos;
				SKIP_INSTALL = NO;
				USER_HEADER_SEARCH_PATHS = "";
			};
			name = Release;
		};
		CF0412CD1C3E7AA600BDE257 /* Debug */ = {
			isa = XCBuildConfiguration;
			buildSettings = {
				ALWAYS_SEARCH_USER_PATHS = NO;
				CLANG_CXX_LANGUAGE_STANDARD = "gnu++0x";
				CLANG_CXX_LIBRARY = "libc++";
				CLANG_ENABLE_MODULES = YES;
				CLANG_WARN_DIRECT_OBJC_ISA_USAGE = YES_ERROR;
				CLANG_WARN_OBJC_ROOT_CLASS = YES_ERROR;
				CLANG_WARN_UNREACHABLE_CODE = YES;
				CODE_SIGN_ENTITLEMENTS = profileUni/profileUni.entitlements;
				CODE_SIGN_IDENTITY = "iPhone Developer";
				"CODE_SIGN_IDENTITY[sdk=iphoneos*]" = "iPhone Developer";
				COPY_PHASE_STRIP = NO;
				DEBUG_INFORMATION_FORMAT = dwarf;
				ENABLE_STRICT_OBJC_MSGSEND = YES;
				ENABLE_TESTABILITY = YES;
				GCC_C_LANGUAGE_STANDARD = gnu99;
				GCC_DYNAMIC_NO_PIC = NO;
				GCC_NO_COMMON_BLOCKS = YES;
				GCC_OPTIMIZATION_LEVEL = 0;
				GCC_PREPROCESSOR_DEFINITIONS = (
					"DEBUG=1",
					"$(inherited)",
				);
				GCC_WARN_64_TO_32_BIT_CONVERSION = YES;
				GCC_WARN_ABOUT_RETURN_TYPE = YES_ERROR;
				GCC_WARN_UNINITIALIZED_AUTOS = YES_AGGRESSIVE;
				INFOPLIST_FILE = profileUni/Info.plist;
				IPHONEOS_DEPLOYMENT_TARGET = 8.0;
				LD_RUNPATH_SEARCH_PATHS = "$(inherited) @executable_path/Frameworks @executable_path/../../Frameworks";
				MTL_ENABLE_DEBUG_INFO = YES;
				PRODUCT_BUNDLE_IDENTIFIER = com.unicity.mobiapp.rankwidget;
				PRODUCT_NAME = "$(TARGET_NAME)";
				PROVISIONING_PROFILE = "";
				SKIP_INSTALL = YES;
				SWIFT_OPTIMIZATION_LEVEL = "-Onone";
				TARGETED_DEVICE_FAMILY = "1,2";
			};
			name = Debug;
		};
		CF0412CE1C3E7AA600BDE257 /* Release */ = {
			isa = XCBuildConfiguration;
			buildSettings = {
				ALWAYS_SEARCH_USER_PATHS = NO;
				CLANG_CXX_LANGUAGE_STANDARD = "gnu++0x";
				CLANG_CXX_LIBRARY = "libc++";
				CLANG_ENABLE_MODULES = YES;
				CLANG_WARN_DIRECT_OBJC_ISA_USAGE = YES_ERROR;
				CLANG_WARN_OBJC_ROOT_CLASS = YES_ERROR;
				CLANG_WARN_UNREACHABLE_CODE = YES;
				CODE_SIGN_ENTITLEMENTS = profileUni/profileUni.entitlements;
				CODE_SIGN_IDENTITY = "iPhone Developer";
				"CODE_SIGN_IDENTITY[sdk=iphoneos*]" = "iPhone Developer";
				COPY_PHASE_STRIP = NO;
				DEBUG_INFORMATION_FORMAT = "dwarf-with-dsym";
				ENABLE_NS_ASSERTIONS = NO;
				ENABLE_STRICT_OBJC_MSGSEND = YES;
				GCC_C_LANGUAGE_STANDARD = gnu99;
				GCC_NO_COMMON_BLOCKS = YES;
				GCC_WARN_64_TO_32_BIT_CONVERSION = YES;
				GCC_WARN_ABOUT_RETURN_TYPE = YES_ERROR;
				GCC_WARN_UNINITIALIZED_AUTOS = YES_AGGRESSIVE;
				INFOPLIST_FILE = profileUni/Info.plist;
				IPHONEOS_DEPLOYMENT_TARGET = 8.0;
				LD_RUNPATH_SEARCH_PATHS = "$(inherited) @executable_path/Frameworks @executable_path/../../Frameworks";
				MTL_ENABLE_DEBUG_INFO = NO;
				PRODUCT_BUNDLE_IDENTIFIER = com.unicity.mobiapp.rankwidget;
				PRODUCT_NAME = "$(TARGET_NAME)";
				PROVISIONING_PROFILE = "";
				SKIP_INSTALL = YES;
				TARGETED_DEVICE_FAMILY = "1,2";
				VALIDATE_PRODUCT = YES;
			};
			name = Release;
		};
		CF4A67D81C28FFF00077CBF8 /* Debug */ = {
			isa = XCBuildConfiguration;
			buildSettings = {
				ALWAYS_SEARCH_USER_PATHS = NO;
				ASSETCATALOG_COMPILER_APPICON_NAME = AppIcon;
				ASSETCATALOG_COMPILER_LAUNCHIMAGE_NAME = "BrandAsset-6";
				CLANG_CXX_LANGUAGE_STANDARD = "gnu++0x";
				CLANG_CXX_LIBRARY = "libc++";
				CLANG_ENABLE_MODULES = YES;
				CLANG_WARN_DIRECT_OBJC_ISA_USAGE = YES_ERROR;
				CLANG_WARN_OBJC_ROOT_CLASS = YES_ERROR;
				CLANG_WARN_UNREACHABLE_CODE = YES;
				CODE_SIGN_ENTITLEMENTS = rankWidget/rankWidget.entitlements;
				CODE_SIGN_IDENTITY = "iPhone Developer";
				"CODE_SIGN_IDENTITY[sdk=iphoneos*]" = "iPhone Developer";
				COPY_PHASE_STRIP = NO;
				DEBUG_INFORMATION_FORMAT = dwarf;
				ENABLE_STRICT_OBJC_MSGSEND = YES;
				ENABLE_TESTABILITY = YES;
				GCC_C_LANGUAGE_STANDARD = gnu99;
				GCC_DYNAMIC_NO_PIC = NO;
				GCC_NO_COMMON_BLOCKS = YES;
				GCC_OPTIMIZATION_LEVEL = 0;
				GCC_PREPROCESSOR_DEFINITIONS = (
					"DEBUG=1",
					"$(inherited)",
				);
				GCC_WARN_64_TO_32_BIT_CONVERSION = YES;
				GCC_WARN_ABOUT_RETURN_TYPE = YES_ERROR;
				GCC_WARN_UNINITIALIZED_AUTOS = YES_AGGRESSIVE;
				INFOPLIST_FILE = rankWidget/Info.plist;
				IPHONEOS_DEPLOYMENT_TARGET = 8.0;
				LD_RUNPATH_SEARCH_PATHS = "$(inherited) @executable_path/Frameworks @executable_path/../../Frameworks";
				MTL_ENABLE_DEBUG_INFO = YES;
				PRODUCT_BUNDLE_IDENTIFIER = com.unicity.mobiapp.rankwidget;
				PRODUCT_NAME = "$(TARGET_NAME)";
				PROVISIONING_PROFILE = "";
				SKIP_INSTALL = YES;
				SWIFT_OPTIMIZATION_LEVEL = "-Onone";
				TARGETED_DEVICE_FAMILY = "1,2";
			};
			name = Debug;
		};
		CF4A67D91C28FFF00077CBF8 /* Release */ = {
			isa = XCBuildConfiguration;
			buildSettings = {
				ALWAYS_SEARCH_USER_PATHS = NO;
				ASSETCATALOG_COMPILER_APPICON_NAME = AppIcon;
				ASSETCATALOG_COMPILER_LAUNCHIMAGE_NAME = "BrandAsset-6";
				CLANG_CXX_LANGUAGE_STANDARD = "gnu++0x";
				CLANG_CXX_LIBRARY = "libc++";
				CLANG_ENABLE_MODULES = YES;
				CLANG_WARN_DIRECT_OBJC_ISA_USAGE = YES_ERROR;
				CLANG_WARN_OBJC_ROOT_CLASS = YES_ERROR;
				CLANG_WARN_UNREACHABLE_CODE = YES;
				CODE_SIGN_ENTITLEMENTS = rankWidget/rankWidget.entitlements;
				CODE_SIGN_IDENTITY = "iPhone Developer";
				"CODE_SIGN_IDENTITY[sdk=iphoneos*]" = "iPhone Developer";
				COPY_PHASE_STRIP = NO;
				DEBUG_INFORMATION_FORMAT = "dwarf-with-dsym";
				ENABLE_NS_ASSERTIONS = NO;
				ENABLE_STRICT_OBJC_MSGSEND = YES;
				GCC_C_LANGUAGE_STANDARD = gnu99;
				GCC_NO_COMMON_BLOCKS = YES;
				GCC_WARN_64_TO_32_BIT_CONVERSION = YES;
				GCC_WARN_ABOUT_RETURN_TYPE = YES_ERROR;
				GCC_WARN_UNINITIALIZED_AUTOS = YES_AGGRESSIVE;
				INFOPLIST_FILE = rankWidget/Info.plist;
				IPHONEOS_DEPLOYMENT_TARGET = 8.0;
				LD_RUNPATH_SEARCH_PATHS = "$(inherited) @executable_path/Frameworks @executable_path/../../Frameworks";
				MTL_ENABLE_DEBUG_INFO = NO;
				PRODUCT_BUNDLE_IDENTIFIER = com.unicity.mobiapp.rankwidget;
				PRODUCT_NAME = "$(TARGET_NAME)";
				PROVISIONING_PROFILE = "";
				SKIP_INSTALL = YES;
				TARGETED_DEVICE_FAMILY = "1,2";
				VALIDATE_PRODUCT = YES;
			};
			name = Release;
		};
/* End XCBuildConfiguration section */

/* Begin XCConfigurationList section */
		1D6058960D05DD3E006BFB54 /* Build configuration list for PBXNativeTarget "Unicity TH" */ = {
			isa = XCConfigurationList;
			buildConfigurations = (
				1D6058940D05DD3E006BFB54 /* Debug */,
				1D6058950D05DD3E006BFB54 /* Release */,
			);
			defaultConfigurationIsVisible = 0;
			defaultConfigurationName = Release;
		};
		C01FCF4E08A954540054247B /* Build configuration list for PBXProject "Unicity TH" */ = {
			isa = XCConfigurationList;
			buildConfigurations = (
				C01FCF4F08A954540054247B /* Debug */,
				C01FCF5008A954540054247B /* Release */,
			);
			defaultConfigurationIsVisible = 0;
			defaultConfigurationName = Release;
		};
		CF0412CC1C3E7AA600BDE257 /* Build configuration list for PBXNativeTarget "profileUni" */ = {
			isa = XCConfigurationList;
			buildConfigurations = (
				CF0412CD1C3E7AA600BDE257 /* Debug */,
				CF0412CE1C3E7AA600BDE257 /* Release */,
			);
			defaultConfigurationIsVisible = 0;
			defaultConfigurationName = Release;
		};
		CF4A67DA1C28FFF00077CBF8 /* Build configuration list for PBXNativeTarget "rankWidget" */ = {
			isa = XCConfigurationList;
			buildConfigurations = (
				CF4A67D81C28FFF00077CBF8 /* Debug */,
				CF4A67D91C28FFF00077CBF8 /* Release */,
			);
			defaultConfigurationIsVisible = 0;
			defaultConfigurationName = Release;
		};
/* End XCConfigurationList section */
	};
	rootObject = 29B97313FDCFA39411CA2CEA /* Project object */;
}
